
Microsoft Visual Studio Solution File, Format Version 12.00
# Visual Studio 14
VisualStudioVersion = 14.0.25420.1
MinimumVisualStudioVersion = 10.0.40219.1
Project("{FAE04EC0-301F-11D3-BF4B-00C04F79EFBC}") = "test", "test\test\test.csproj", "{20B15C4A-B6F8-4758-B6F8-78E3DC49CAA2}"
EndProject
Project("{FAE04EC0-301F-11D3-BF4B-00C04F79EFBC}") = "test.Droid", "test\test.Droid\test.Droid.csproj", "{CD957CD0-4815-4756-9A96-55F01D400487}"
EndProject
Project("{FAE04EC0-301F-11D3-BF4B-00C04F79EFBC}") = "test.iOS", "test\test.iOS\test.iOS.csproj", "{4103A336-FA31-4F97-B979-C5E2C33D2C02}"
EndProject
Project("{FAE04EC0-301F-11D3-BF4B-00C04F79EFBC}") = "test.WinPhone", "test\test.WinPhone\test.WinPhone.csproj", "{A10E2853-EC77-4BCE-89E0-FFD2B9FE8184}"
EndProject
Project("{FAE04EC0-301F-11D3-BF4B-00C04F79EFBC}") = "test.Windows", "test\test.Windows\test.Windows.csproj", "{D7E36E0D-FE97-4EDD-99FB-826999620E64}"
EndProject
Global
	GlobalSection(SolutionConfigurationPlatforms) = preSolution
		Ad-Hoc|Any CPU = Ad-Hoc|Any CPU
		Ad-Hoc|ARM = Ad-Hoc|ARM
		Ad-Hoc|iPhone = Ad-Hoc|iPhone
		Ad-Hoc|iPhoneSimulator = Ad-Hoc|iPhoneSimulator
		Ad-Hoc|x64 = Ad-Hoc|x64
		Ad-Hoc|x86 = Ad-Hoc|x86
		AppStore|Any CPU = AppStore|Any CPU
		AppStore|ARM = AppStore|ARM
		AppStore|iPhone = AppStore|iPhone
		AppStore|iPhoneSimulator = AppStore|iPhoneSimulator
		AppStore|x64 = AppStore|x64
		AppStore|x86 = AppStore|x86
		Debug|Any CPU = Debug|Any CPU
		Debug|ARM = Debug|ARM
		Debug|iPhone = Debug|iPhone
		Debug|iPhoneSimulator = Debug|iPhoneSimulator
		Debug|x64 = Debug|x64
		Debug|x86 = Debug|x86
		Release|Any CPU = Release|Any CPU
		Release|ARM = Release|ARM
		Release|iPhone = Release|iPhone
		Release|iPhoneSimulator = Release|iPhoneSimulator
		Release|x64 = Release|x64
		Release|x86 = Release|x86
	EndGlobalSection
	GlobalSection(ProjectConfigurationPlatforms) = postSolution
		{20B15C4A-B6F8-4758-B6F8-78E3DC49CAA2}.Ad-Hoc|Any CPU.ActiveCfg = Release|Any CPU
		{20B15C4A-B6F8-4758-B6F8-78E3DC49CAA2}.Ad-Hoc|Any CPU.Build.0 = Release|Any CPU
		{20B15C4A-B6F8-4758-B6F8-78E3DC49CAA2}.Ad-Hoc|ARM.ActiveCfg = Release|Any CPU
		{20B15C4A-B6F8-4758-B6F8-78E3DC49CAA2}.Ad-Hoc|ARM.Build.0 = Release|Any CPU
		{20B15C4A-B6F8-4758-B6F8-78E3DC49CAA2}.Ad-Hoc|iPhone.ActiveCfg = Release|Any CPU
		{20B15C4A-B6F8-4758-B6F8-78E3DC49CAA2}.Ad-Hoc|iPhone.Build.0 = Release|Any CPU
		{20B15C4A-B6F8-4758-B6F8-78E3DC49CAA2}.Ad-Hoc|iPhoneSimulator.ActiveCfg = Release|Any CPU
		{20B15C4A-B6F8-4758-B6F8-78E3DC49CAA2}.Ad-Hoc|iPhoneSimulator.Build.0 = Release|Any CPU
		{20B15C4A-B6F8-4758-B6F8-78E3DC49CAA2}.Ad-Hoc|x64.ActiveCfg = Release|Any CPU
		{20B15C4A-B6F8-4758-B6F8-78E3DC49CAA2}.Ad-Hoc|x64.Build.0 = Release|Any CPU
		{20B15C4A-B6F8-4758-B6F8-78E3DC49CAA2}.Ad-Hoc|x86.ActiveCfg = Release|Any CPU
		{20B15C4A-B6F8-4758-B6F8-78E3DC49CAA2}.Ad-Hoc|x86.Build.0 = Release|Any CPU
		{20B15C4A-B6F8-4758-B6F8-78E3DC49CAA2}.AppStore|Any CPU.ActiveCfg = Release|Any CPU
		{20B15C4A-B6F8-4758-B6F8-78E3DC49CAA2}.AppStore|Any CPU.Build.0 = Release|Any CPU
		{20B15C4A-B6F8-4758-B6F8-78E3DC49CAA2}.AppStore|ARM.ActiveCfg = Release|Any CPU
		{20B15C4A-B6F8-4758-B6F8-78E3DC49CAA2}.AppStore|ARM.Build.0 = Release|Any CPU
		{20B15C4A-B6F8-4758-B6F8-78E3DC49CAA2}.AppStore|iPhone.ActiveCfg = Release|Any CPU
		{20B15C4A-B6F8-4758-B6F8-78E3DC49CAA2}.AppStore|iPhone.Build.0 = Release|Any CPU
		{20B15C4A-B6F8-4758-B6F8-78E3DC49CAA2}.AppStore|iPhoneSimulator.ActiveCfg = Release|Any CPU
		{20B15C4A-B6F8-4758-B6F8-78E3DC49CAA2}.AppStore|iPhoneSimulator.Build.0 = Release|Any CPU
		{20B15C4A-B6F8-4758-B6F8-78E3DC49CAA2}.AppStore|x64.ActiveCfg = Release|Any CPU
		{20B15C4A-B6F8-4758-B6F8-78E3DC49CAA2}.AppStore|x64.Build.0 = Release|Any CPU
		{20B15C4A-B6F8-4758-B6F8-78E3DC49CAA2}.AppStore|x86.ActiveCfg = Release|Any CPU
		{20B15C4A-B6F8-4758-B6F8-78E3DC49CAA2}.AppStore|x86.Build.0 = Release|Any CPU
		{20B15C4A-B6F8-4758-B6F8-78E3DC49CAA2}.Debug|Any CPU.ActiveCfg = Debug|Any CPU
		{20B15C4A-B6F8-4758-B6F8-78E3DC49CAA2}.Debug|Any CPU.Build.0 = Debug|Any CPU
		{20B15C4A-B6F8-4758-B6F8-78E3DC49CAA2}.Debug|ARM.ActiveCfg = Debug|Any CPU
		{20B15C4A-B6F8-4758-B6F8-78E3DC49CAA2}.Debug|ARM.Build.0 = Debug|Any CPU
		{20B15C4A-B6F8-4758-B6F8-78E3DC49CAA2}.Debug|iPhone.ActiveCfg = Debug|Any CPU
		{20B15C4A-B6F8-4758-B6F8-78E3DC49CAA2}.Debug|iPhone.Build.0 = Debug|Any CPU
		{20B15C4A-B6F8-4758-B6F8-78E3DC49CAA2}.Debug|iPhoneSimulator.ActiveCfg = Debug|Any CPU
		{20B15C4A-B6F8-4758-B6F8-78E3DC49CAA2}.Debug|iPhoneSimulator.Build.0 = Debug|Any CPU
		{20B15C4A-B6F8-4758-B6F8-78E3DC49CAA2}.Debug|x64.ActiveCfg = Debug|Any CPU
		{20B15C4A-B6F8-4758-B6F8-78E3DC49CAA2}.Debug|x64.Build.0 = Debug|Any CPU
		{20B15C4A-B6F8-4758-B6F8-78E3DC49CAA2}.Debug|x86.ActiveCfg = Debug|Any CPU
		{20B15C4A-B6F8-4758-B6F8-78E3DC49CAA2}.Debug|x86.Build.0 = Debug|Any CPU
		{20B15C4A-B6F8-4758-B6F8-78E3DC49CAA2}.Release|Any CPU.ActiveCfg = Release|Any CPU
		{20B15C4A-B6F8-4758-B6F8-78E3DC49CAA2}.Release|Any CPU.Build.0 = Release|Any CPU
		{20B15C4A-B6F8-4758-B6F8-78E3DC49CAA2}.Release|ARM.ActiveCfg = Release|Any CPU
		{20B15C4A-B6F8-4758-B6F8-78E3DC49CAA2}.Release|ARM.Build.0 = Release|Any CPU
		{20B15C4A-B6F8-4758-B6F8-78E3DC49CAA2}.Release|iPhone.ActiveCfg = Release|Any CPU
		{20B15C4A-B6F8-4758-B6F8-78E3DC49CAA2}.Release|iPhone.Build.0 = Release|Any CPU
		{20B15C4A-B6F8-4758-B6F8-78E3DC49CAA2}.Release|iPhoneSimulator.ActiveCfg = Release|Any CPU
		{20B15C4A-B6F8-4758-B6F8-78E3DC49CAA2}.Release|iPhoneSimulator.Build.0 = Release|Any CPU
		{20B15C4A-B6F8-4758-B6F8-78E3DC49CAA2}.Release|x64.ActiveCfg = Release|Any CPU
		{20B15C4A-B6F8-4758-B6F8-78E3DC49CAA2}.Release|x64.Build.0 = Release|Any CPU
		{20B15C4A-B6F8-4758-B6F8-78E3DC49CAA2}.Release|x86.ActiveCfg = Release|Any CPU
		{20B15C4A-B6F8-4758-B6F8-78E3DC49CAA2}.Release|x86.Build.0 = Release|Any CPU
		{CD957CD0-4815-4756-9A96-55F01D400487}.Ad-Hoc|Any CPU.ActiveCfg = Release|Any CPU
		{CD957CD0-4815-4756-9A96-55F01D400487}.Ad-Hoc|Any CPU.Build.0 = Release|Any CPU
		{CD957CD0-4815-4756-9A96-55F01D400487}.Ad-Hoc|Any CPU.Deploy.0 = Release|Any CPU
		{CD957CD0-4815-4756-9A96-55F01D400487}.Ad-Hoc|ARM.ActiveCfg = Release|Any CPU
		{CD957CD0-4815-4756-9A96-55F01D400487}.Ad-Hoc|ARM.Build.0 = Release|Any CPU
		{CD957CD0-4815-4756-9A96-55F01D400487}.Ad-Hoc|ARM.Deploy.0 = Release|Any CPU
		{CD957CD0-4815-4756-9A96-55F01D400487}.Ad-Hoc|iPhone.ActiveCfg = Release|Any CPU
		{CD957CD0-4815-4756-9A96-55F01D400487}.Ad-Hoc|iPhone.Build.0 = Release|Any CPU
		{CD957CD0-4815-4756-9A96-55F01D400487}.Ad-Hoc|iPhone.Deploy.0 = Release|Any CPU
		{CD957CD0-4815-4756-9A96-55F01D400487}.Ad-Hoc|iPhoneSimulator.ActiveCfg = Release|Any CPU
		{CD957CD0-4815-4756-9A96-55F01D400487}.Ad-Hoc|iPhoneSimulator.Build.0 = Release|Any CPU
		{CD957CD0-4815-4756-9A96-55F01D400487}.Ad-Hoc|iPhoneSimulator.Deploy.0 = Release|Any CPU
		{CD957CD0-4815-4756-9A96-55F01D400487}.Ad-Hoc|x64.ActiveCfg = Release|Any CPU
		{CD957CD0-4815-4756-9A96-55F01D400487}.Ad-Hoc|x64.Build.0 = Release|Any CPU
		{CD957CD0-4815-4756-9A96-55F01D400487}.Ad-Hoc|x64.Deploy.0 = Release|Any CPU
		{CD957CD0-4815-4756-9A96-55F01D400487}.Ad-Hoc|x86.ActiveCfg = Release|Any CPU
		{CD957CD0-4815-4756-9A96-55F01D400487}.Ad-Hoc|x86.Build.0 = Release|Any CPU
		{CD957CD0-4815-4756-9A96-55F01D400487}.Ad-Hoc|x86.Deploy.0 = Release|Any CPU
		{CD957CD0-4815-4756-9A96-55F01D400487}.AppStore|Any CPU.ActiveCfg = Release|Any CPU
		{CD957CD0-4815-4756-9A96-55F01D400487}.AppStore|Any CPU.Build.0 = Release|Any CPU
		{CD957CD0-4815-4756-9A96-55F01D400487}.AppStore|Any CPU.Deploy.0 = Release|Any CPU
		{CD957CD0-4815-4756-9A96-55F01D400487}.AppStore|ARM.ActiveCfg = Release|Any CPU
		{CD957CD0-4815-4756-9A96-55F01D400487}.AppStore|ARM.Build.0 = Release|Any CPU
		{CD957CD0-4815-4756-9A96-55F01D400487}.AppStore|ARM.Deploy.0 = Release|Any CPU
		{CD957CD0-4815-4756-9A96-55F01D400487}.AppStore|iPhone.ActiveCfg = Release|Any CPU
		{CD957CD0-4815-4756-9A96-55F01D400487}.AppStore|iPhone.Build.0 = Release|Any CPU
		{CD957CD0-4815-4756-9A96-55F01D400487}.AppStore|iPhone.Deploy.0 = Release|Any CPU
		{CD957CD0-4815-4756-9A96-55F01D400487}.AppStore|iPhoneSimulator.ActiveCfg = Release|Any CPU
		{CD957CD0-4815-4756-9A96-55F01D400487}.AppStore|iPhoneSimulator.Build.0 = Release|Any CPU
		{CD957CD0-4815-4756-9A96-55F01D400487}.AppStore|iPhoneSimulator.Deploy.0 = Release|Any CPU
		{CD957CD0-4815-4756-9A96-55F01D400487}.AppStore|x64.ActiveCfg = Release|Any CPU
		{CD957CD0-4815-4756-9A96-55F01D400487}.AppStore|x64.Build.0 = Release|Any CPU
		{CD957CD0-4815-4756-9A96-55F01D400487}.AppStore|x64.Deploy.0 = Release|Any CPU
		{CD957CD0-4815-4756-9A96-55F01D400487}.AppStore|x86.ActiveCfg = Release|Any CPU
		{CD957CD0-4815-4756-9A96-55F01D400487}.AppStore|x86.Build.0 = Release|Any CPU
		{CD957CD0-4815-4756-9A96-55F01D400487}.AppStore|x86.Deploy.0 = Release|Any CPU
		{CD957CD0-4815-4756-9A96-55F01D400487}.Debug|Any CPU.ActiveCfg = Debug|Any CPU
		{CD957CD0-4815-4756-9A96-55F01D400487}.Debug|Any CPU.Build.0 = Debug|Any CPU
		{CD957CD0-4815-4756-9A96-55F01D400487}.Debug|Any CPU.Deploy.0 = Debug|Any CPU
		{CD957CD0-4815-4756-9A96-55F01D400487}.Debug|ARM.ActiveCfg = Debug|Any CPU
		{CD957CD0-4815-4756-9A96-55F01D400487}.Debug|ARM.Build.0 = Debug|Any CPU
		{CD957CD0-4815-4756-9A96-55F01D400487}.Debug|ARM.Deploy.0 = Debug|Any CPU
		{CD957CD0-4815-4756-9A96-55F01D400487}.Debug|iPhone.ActiveCfg = Debug|Any CPU
		{CD957CD0-4815-4756-9A96-55F01D400487}.Debug|iPhone.Build.0 = Debug|Any CPU
		{CD957CD0-4815-4756-9A96-55F01D400487}.Debug|iPhone.Deploy.0 = Debug|Any CPU
		{CD957CD0-4815-4756-9A96-55F01D400487}.Debug|iPhoneSimulator.ActiveCfg = Debug|Any CPU
		{CD957CD0-4815-4756-9A96-55F01D400487}.Debug|iPhoneSimulator.Build.0 = Debug|Any CPU
		{CD957CD0-4815-4756-9A96-55F01D400487}.Debug|iPhoneSimulator.Deploy.0 = Debug|Any CPU
		{CD957CD0-4815-4756-9A96-55F01D400487}.Debug|x64.ActiveCfg = Debug|Any CPU
		{CD957CD0-4815-4756-9A96-55F01D400487}.Debug|x64.Build.0 = Debug|Any CPU
		{CD957CD0-4815-4756-9A96-55F01D400487}.Debug|x64.Deploy.0 = Debug|Any CPU
		{CD957CD0-4815-4756-9A96-55F01D400487}.Debug|x86.ActiveCfg = Debug|Any CPU
		{CD957CD0-4815-4756-9A96-55F01D400487}.Debug|x86.Build.0 = Debug|Any CPU
		{CD957CD0-4815-4756-9A96-55F01D400487}.Debug|x86.Deploy.0 = Debug|Any CPU
		{CD957CD0-4815-4756-9A96-55F01D400487}.Release|Any CPU.ActiveCfg = Release|Any CPU
		{CD957CD0-4815-4756-9A96-55F01D400487}.Release|Any CPU.Build.0 = Release|Any CPU
		{CD957CD0-4815-4756-9A96-55F01D400487}.Release|Any CPU.Deploy.0 = Release|Any CPU
		{CD957CD0-4815-4756-9A96-55F01D400487}.Release|ARM.ActiveCfg = Release|Any CPU
		{CD957CD0-4815-4756-9A96-55F01D400487}.Release|ARM.Build.0 = Release|Any CPU
		{CD957CD0-4815-4756-9A96-55F01D400487}.Release|ARM.Deploy.0 = Release|Any CPU
		{CD957CD0-4815-4756-9A96-55F01D400487}.Release|iPhone.ActiveCfg = Release|Any CPU
		{CD957CD0-4815-4756-9A96-55F01D400487}.Release|iPhone.Build.0 = Release|Any CPU
		{CD957CD0-4815-4756-9A96-55F01D400487}.Release|iPhone.Deploy.0 = Release|Any CPU
		{CD957CD0-4815-4756-9A96-55F01D400487}.Release|iPhoneSimulator.ActiveCfg = Release|Any CPU
		{CD957CD0-4815-4756-9A96-55F01D400487}.Release|iPhoneSimulator.Build.0 = Release|Any CPU
		{CD957CD0-4815-4756-9A96-55F01D400487}.Release|iPhoneSimulator.Deploy.0 = Release|Any CPU
		{CD957CD0-4815-4756-9A96-55F01D400487}.Release|x64.ActiveCfg = Release|Any CPU
		{CD957CD0-4815-4756-9A96-55F01D400487}.Release|x64.Build.0 = Release|Any CPU
		{CD957CD0-4815-4756-9A96-55F01D400487}.Release|x64.Deploy.0 = Release|Any CPU
		{CD957CD0-4815-4756-9A96-55F01D400487}.Release|x86.ActiveCfg = Release|Any CPU
		{CD957CD0-4815-4756-9A96-55F01D400487}.Release|x86.Build.0 = Release|Any CPU
		{CD957CD0-4815-4756-9A96-55F01D400487}.Release|x86.Deploy.0 = Release|Any CPU
		{4103A336-FA31-4F97-B979-C5E2C33D2C02}.Ad-Hoc|Any CPU.ActiveCfg = Ad-Hoc|iPhone
		{4103A336-FA31-4F97-B979-C5E2C33D2C02}.Ad-Hoc|ARM.ActiveCfg = Ad-Hoc|iPhone
		{4103A336-FA31-4F97-B979-C5E2C33D2C02}.Ad-Hoc|iPhone.ActiveCfg = Ad-Hoc|iPhone
		{4103A336-FA31-4F97-B979-C5E2C33D2C02}.Ad-Hoc|iPhone.Build.0 = Ad-Hoc|iPhone
		{4103A336-FA31-4F97-B979-C5E2C33D2C02}.Ad-Hoc|iPhoneSimulator.ActiveCfg = Ad-Hoc|iPhoneSimulator
		{4103A336-FA31-4F97-B979-C5E2C33D2C02}.Ad-Hoc|iPhoneSimulator.Build.0 = Ad-Hoc|iPhoneSimulator
		{4103A336-FA31-4F97-B979-C5E2C33D2C02}.Ad-Hoc|x64.ActiveCfg = Ad-Hoc|iPhone
		{4103A336-FA31-4F97-B979-C5E2C33D2C02}.Ad-Hoc|x86.ActiveCfg = Ad-Hoc|iPhone
		{4103A336-FA31-4F97-B979-C5E2C33D2C02}.AppStore|Any CPU.ActiveCfg = AppStore|iPhone
		{4103A336-FA31-4F97-B979-C5E2C33D2C02}.AppStore|ARM.ActiveCfg = AppStore|iPhone
		{4103A336-FA31-4F97-B979-C5E2C33D2C02}.AppStore|iPhone.ActiveCfg = AppStore|iPhone
		{4103A336-FA31-4F97-B979-C5E2C33D2C02}.AppStore|iPhone.Build.0 = AppStore|iPhone
		{4103A336-FA31-4F97-B979-C5E2C33D2C02}.AppStore|iPhoneSimulator.ActiveCfg = AppStore|iPhoneSimulator
		{4103A336-FA31-4F97-B979-C5E2C33D2C02}.AppStore|iPhoneSimulator.Build.0 = AppStore|iPhoneSimulator
		{4103A336-FA31-4F97-B979-C5E2C33D2C02}.AppStore|x64.ActiveCfg = AppStore|iPhone
		{4103A336-FA31-4F97-B979-C5E2C33D2C02}.AppStore|x86.ActiveCfg = AppStore|iPhone
		{4103A336-FA31-4F97-B979-C5E2C33D2C02}.Debug|Any CPU.ActiveCfg = Debug|iPhone
		{4103A336-FA31-4F97-B979-C5E2C33D2C02}.Debug|ARM.ActiveCfg = Debug|iPhone
		{4103A336-FA31-4F97-B979-C5E2C33D2C02}.Debug|iPhone.ActiveCfg = Debug|iPhone
		{4103A336-FA31-4F97-B979-C5E2C33D2C02}.Debug|iPhone.Build.0 = Debug|iPhone
		{4103A336-FA31-4F97-B979-C5E2C33D2C02}.Debug|iPhoneSimulator.ActiveCfg = Debug|iPhoneSimulator
		{4103A336-FA31-4F97-B979-C5E2C33D2C02}.Debug|iPhoneSimulator.Build.0 = Debug|iPhoneSimulator
		{4103A336-FA31-4F97-B979-C5E2C33D2C02}.Debug|x64.ActiveCfg = Debug|iPhone
		{4103A336-FA31-4F97-B979-C5E2C33D2C02}.Debug|x86.ActiveCfg = Debug|iPhone
		{4103A336-FA31-4F97-B979-C5E2C33D2C02}.Release|Any CPU.ActiveCfg = Release|iPhone
		{4103A336-FA31-4F97-B979-C5E2C33D2C02}.Release|ARM.ActiveCfg = Release|iPhone
		{4103A336-FA31-4F97-B979-C5E2C33D2C02}.Release|iPhone.ActiveCfg = Release|iPhone
		{4103A336-FA31-4F97-B979-C5E2C33D2C02}.Release|iPhone.Build.0 = Release|iPhone
		{4103A336-FA31-4F97-B979-C5E2C33D2C02}.Release|iPhoneSimulator.ActiveCfg = Release|iPhoneSimulator
		{4103A336-FA31-4F97-B979-C5E2C33D2C02}.Release|iPhoneSimulator.Build.0 = Release|iPhoneSimulator
		{4103A336-FA31-4F97-B979-C5E2C33D2C02}.Release|x64.ActiveCfg = Release|iPhone
		{4103A336-FA31-4F97-B979-C5E2C33D2C02}.Release|x86.ActiveCfg = Release|iPhone
		{A10E2853-EC77-4BCE-89E0-FFD2B9FE8184}.Ad-Hoc|Any CPU.ActiveCfg = Release|Any CPU
		{A10E2853-EC77-4BCE-89E0-FFD2B9FE8184}.Ad-Hoc|Any CPU.Build.0 = Release|Any CPU
		{A10E2853-EC77-4BCE-89E0-FFD2B9FE8184}.Ad-Hoc|Any CPU.Deploy.0 = Release|Any CPU
		{A10E2853-EC77-4BCE-89E0-FFD2B9FE8184}.Ad-Hoc|ARM.ActiveCfg = Release|ARM
		{A10E2853-EC77-4BCE-89E0-FFD2B9FE8184}.Ad-Hoc|ARM.Build.0 = Release|ARM
		{A10E2853-EC77-4BCE-89E0-FFD2B9FE8184}.Ad-Hoc|ARM.Deploy.0 = Release|ARM
		{A10E2853-EC77-4BCE-89E0-FFD2B9FE8184}.Ad-Hoc|iPhone.ActiveCfg = Release|Any CPU
		{A10E2853-EC77-4BCE-89E0-FFD2B9FE8184}.Ad-Hoc|iPhone.Build.0 = Release|Any CPU
		{A10E2853-EC77-4BCE-89E0-FFD2B9FE8184}.Ad-Hoc|iPhone.Deploy.0 = Release|Any CPU
		{A10E2853-EC77-4BCE-89E0-FFD2B9FE8184}.Ad-Hoc|iPhoneSimulator.ActiveCfg = Release|Any CPU
		{A10E2853-EC77-4BCE-89E0-FFD2B9FE8184}.Ad-Hoc|iPhoneSimulator.Build.0 = Release|Any CPU
		{A10E2853-EC77-4BCE-89E0-FFD2B9FE8184}.Ad-Hoc|iPhoneSimulator.Deploy.0 = Release|Any CPU
		{A10E2853-EC77-4BCE-89E0-FFD2B9FE8184}.Ad-Hoc|x64.ActiveCfg = Release|Any CPU
		{A10E2853-EC77-4BCE-89E0-FFD2B9FE8184}.Ad-Hoc|x64.Build.0 = Release|Any CPU
		{A10E2853-EC77-4BCE-89E0-FFD2B9FE8184}.Ad-Hoc|x64.Deploy.0 = Release|Any CPU
		{A10E2853-EC77-4BCE-89E0-FFD2B9FE8184}.Ad-Hoc|x86.ActiveCfg = Release|x86
		{A10E2853-EC77-4BCE-89E0-FFD2B9FE8184}.Ad-Hoc|x86.Build.0 = Release|x86
		{A10E2853-EC77-4BCE-89E0-FFD2B9FE8184}.Ad-Hoc|x86.Deploy.0 = Release|x86
		{A10E2853-EC77-4BCE-89E0-FFD2B9FE8184}.AppStore|Any CPU.ActiveCfg = Release|Any CPU
		{A10E2853-EC77-4BCE-89E0-FFD2B9FE8184}.AppStore|Any CPU.Build.0 = Release|Any CPU
		{A10E2853-EC77-4BCE-89E0-FFD2B9FE8184}.AppStore|Any CPU.Deploy.0 = Release|Any CPU
		{A10E2853-EC77-4BCE-89E0-FFD2B9FE8184}.AppStore|ARM.ActiveCfg = Release|ARM
		{A10E2853-EC77-4BCE-89E0-FFD2B9FE8184}.AppStore|ARM.Build.0 = Release|ARM
		{A10E2853-EC77-4BCE-89E0-FFD2B9FE8184}.AppStore|ARM.Deploy.0 = Release|ARM
		{A10E2853-EC77-4BCE-89E0-FFD2B9FE8184}.AppStore|iPhone.ActiveCfg = Release|Any CPU
		{A10E2853-EC77-4BCE-89E0-FFD2B9FE8184}.AppStore|iPhone.Build.0 = Release|Any CPU
		{A10E2853-EC77-4BCE-89E0-FFD2B9FE8184}.AppStore|iPhone.Deploy.0 = Release|Any CPU
		{A10E2853-EC77-4BCE-89E0-FFD2B9FE8184}.AppStore|iPhoneSimulator.ActiveCfg = Release|Any CPU
		{A10E2853-EC77-4BCE-89E0-FFD2B9FE8184}.AppStore|iPhoneSimulator.Build.0 = Release|Any CPU
		{A10E2853-EC77-4BCE-89E0-FFD2B9FE8184}.AppStore|iPhoneSimulator.Deploy.0 = Release|Any CPU
		{A10E2853-EC77-4BCE-89E0-FFD2B9FE8184}.AppStore|x64.ActiveCfg = Release|Any CPU
		{A10E2853-EC77-4BCE-89E0-FFD2B9FE8184}.AppStore|x64.Build.0 = Release|Any CPU
		{A10E2853-EC77-4BCE-89E0-FFD2B9FE8184}.AppStore|x64.Deploy.0 = Release|Any CPU
		{A10E2853-EC77-4BCE-89E0-FFD2B9FE8184}.AppStore|x86.ActiveCfg = Release|x86
		{A10E2853-EC77-4BCE-89E0-FFD2B9FE8184}.AppStore|x86.Build.0 = Release|x86
		{A10E2853-EC77-4BCE-89E0-FFD2B9FE8184}.AppStore|x86.Deploy.0 = Release|x86
		{A10E2853-EC77-4BCE-89E0-FFD2B9FE8184}.Debug|Any CPU.ActiveCfg = Debug|Any CPU
		{A10E2853-EC77-4BCE-89E0-FFD2B9FE8184}.Debug|Any CPU.Build.0 = Debug|Any CPU
		{A10E2853-EC77-4BCE-89E0-FFD2B9FE8184}.Debug|Any CPU.Deploy.0 = Debug|Any CPU
		{A10E2853-EC77-4BCE-89E0-FFD2B9FE8184}.Debug|ARM.ActiveCfg = Debug|ARM
		{A10E2853-EC77-4BCE-89E0-FFD2B9FE8184}.Debug|ARM.Build.0 = Debug|ARM
		{A10E2853-EC77-4BCE-89E0-FFD2B9FE8184}.Debug|ARM.Deploy.0 = Debug|ARM
		{A10E2853-EC77-4BCE-89E0-FFD2B9FE8184}.Debug|iPhone.ActiveCfg = Debug|Any CPU
		{A10E2853-EC77-4BCE-89E0-FFD2B9FE8184}.Debug|iPhone.Build.0 = Debug|Any CPU
		{A10E2853-EC77-4BCE-89E0-FFD2B9FE8184}.Debug|iPhone.Deploy.0 = Debug|Any CPU
		{A10E2853-EC77-4BCE-89E0-FFD2B9FE8184}.Debug|iPhoneSimulator.ActiveCfg = Debug|Any CPU
		{A10E2853-EC77-4BCE-89E0-FFD2B9FE8184}.Debug|iPhoneSimulator.Build.0 = Debug|Any CPU
		{A10E2853-EC77-4BCE-89E0-FFD2B9FE8184}.Debug|iPhoneSimulator.Deploy.0 = Debug|Any CPU
		{A10E2853-EC77-4BCE-89E0-FFD2B9FE8184}.Debug|x64.ActiveCfg = Debug|Any CPU
		{A10E2853-EC77-4BCE-89E0-FFD2B9FE8184}.Debug|x64.Build.0 = Debug|Any CPU
		{A10E2853-EC77-4BCE-89E0-FFD2B9FE8184}.Debug|x64.Deploy.0 = Debug|Any CPU
		{A10E2853-EC77-4BCE-89E0-FFD2B9FE8184}.Debug|x86.ActiveCfg = Debug|x86
		{A10E2853-EC77-4BCE-89E0-FFD2B9FE8184}.Debug|x86.Build.0 = Debug|x86
		{A10E2853-EC77-4BCE-89E0-FFD2B9FE8184}.Debug|x86.Deploy.0 = Debug|x86
		{A10E2853-EC77-4BCE-89E0-FFD2B9FE8184}.Release|Any CPU.ActiveCfg = Release|Any CPU
		{A10E2853-EC77-4BCE-89E0-FFD2B9FE8184}.Release|Any CPU.Build.0 = Release|Any CPU
		{A10E2853-EC77-4BCE-89E0-FFD2B9FE8184}.Release|Any CPU.Deploy.0 = Release|Any CPU
		{A10E2853-EC77-4BCE-89E0-FFD2B9FE8184}.Release|ARM.ActiveCfg = Release|ARM
		{A10E2853-EC77-4BCE-89E0-FFD2B9FE8184}.Release|ARM.Build.0 = Release|ARM
		{A10E2853-EC77-4BCE-89E0-FFD2B9FE8184}.Release|ARM.Deploy.0 = Release|ARM
		{A10E2853-EC77-4BCE-89E0-FFD2B9FE8184}.Release|iPhone.ActiveCfg = Release|Any CPU
		{A10E2853-EC77-4BCE-89E0-FFD2B9FE8184}.Release|iPhone.Build.0 = Release|Any CPU
		{A10E2853-EC77-4BCE-89E0-FFD2B9FE8184}.Release|iPhone.Deploy.0 = Release|Any CPU
		{A10E2853-EC77-4BCE-89E0-FFD2B9FE8184}.Release|iPhoneSimulator.ActiveCfg = Release|Any CPU
		{A10E2853-EC77-4BCE-89E0-FFD2B9FE8184}.Release|iPhoneSimulator.Build.0 = Release|Any CPU
		{A10E2853-EC77-4BCE-89E0-FFD2B9FE8184}.Release|iPhoneSimulator.Deploy.0 = Release|Any CPU
		{A10E2853-EC77-4BCE-89E0-FFD2B9FE8184}.Release|x64.ActiveCfg = Release|Any CPU
		{A10E2853-EC77-4BCE-89E0-FFD2B9FE8184}.Release|x64.Build.0 = Release|Any CPU
		{A10E2853-EC77-4BCE-89E0-FFD2B9FE8184}.Release|x64.Deploy.0 = Release|Any CPU
		{A10E2853-EC77-4BCE-89E0-FFD2B9FE8184}.Release|x86.ActiveCfg = Release|x86
		{A10E2853-EC77-4BCE-89E0-FFD2B9FE8184}.Release|x86.Build.0 = Release|x86
		{A10E2853-EC77-4BCE-89E0-FFD2B9FE8184}.Release|x86.Deploy.0 = Release|x86
		{D7E36E0D-FE97-4EDD-99FB-826999620E64}.Ad-Hoc|Any CPU.ActiveCfg = Release|Any CPU
		{D7E36E0D-FE97-4EDD-99FB-826999620E64}.Ad-Hoc|Any CPU.Build.0 = Release|Any CPU
		{D7E36E0D-FE97-4EDD-99FB-826999620E64}.Ad-Hoc|Any CPU.Deploy.0 = Release|Any CPU
		{D7E36E0D-FE97-4EDD-99FB-826999620E64}.Ad-Hoc|ARM.ActiveCfg = Release|ARM
		{D7E36E0D-FE97-4EDD-99FB-826999620E64}.Ad-Hoc|ARM.Build.0 = Release|ARM
		{D7E36E0D-FE97-4EDD-99FB-826999620E64}.Ad-Hoc|ARM.Deploy.0 = Release|ARM
		{D7E36E0D-FE97-4EDD-99FB-826999620E64}.Ad-Hoc|iPhone.ActiveCfg = Release|Any CPU
		{D7E36E0D-FE97-4EDD-99FB-826999620E64}.Ad-Hoc|iPhone.Build.0 = Release|Any CPU
		{D7E36E0D-FE97-4EDD-99FB-826999620E64}.Ad-Hoc|iPhone.Deploy.0 = Release|Any CPU
		{D7E36E0D-FE97-4EDD-99FB-826999620E64}.Ad-Hoc|iPhoneSimulator.ActiveCfg = Release|Any CPU
		{D7E36E0D-FE97-4EDD-99FB-826999620E64}.Ad-Hoc|iPhoneSimulator.Build.0 = Release|Any CPU
		{D7E36E0D-FE97-4EDD-99FB-826999620E64}.Ad-Hoc|iPhoneSimulator.Deploy.0 = Release|Any CPU
		{D7E36E0D-FE97-4EDD-99FB-826999620E64}.Ad-Hoc|x64.ActiveCfg = Release|x64
		{D7E36E0D-FE97-4EDD-99FB-826999620E64}.Ad-Hoc|x64.Build.0 = Release|x64
		{D7E36E0D-FE97-4EDD-99FB-826999620E64}.Ad-Hoc|x64.Deploy.0 = Release|x64
		{D7E36E0D-FE97-4EDD-99FB-826999620E64}.Ad-Hoc|x86.ActiveCfg = Release|x86
		{D7E36E0D-FE97-4EDD-99FB-826999620E64}.Ad-Hoc|x86.Build.0 = Release|x86
		{D7E36E0D-FE97-4EDD-99FB-826999620E64}.Ad-Hoc|x86.Deploy.0 = Release|x86
		{D7E36E0D-FE97-4EDD-99FB-826999620E64}.AppStore|Any CPU.ActiveCfg = Release|Any CPU
		{D7E36E0D-FE97-4EDD-99FB-826999620E64}.AppStore|Any CPU.Build.0 = Release|Any CPU
		{D7E36E0D-FE97-4EDD-99FB-826999620E64}.AppStore|Any CPU.Deploy.0 = Release|Any CPU
		{D7E36E0D-FE97-4EDD-99FB-826999620E64}.AppStore|ARM.ActiveCfg = Release|ARM
		{D7E36E0D-FE97-4EDD-99FB-826999620E64}.AppStore|ARM.Build.0 = Release|ARM
		{D7E36E0D-FE97-4EDD-99FB-826999620E64}.AppStore|ARM.Deploy.0 = Release|ARM
		{D7E36E0D-FE97-4EDD-99FB-826999620E64}.AppStore|iPhone.ActiveCfg = Release|Any CPU
		{D7E36E0D-FE97-4EDD-99FB-826999620E64}.AppStore|iPhone.Build.0 = Release|Any CPU
		{D7E36E0D-FE97-4EDD-99FB-826999620E64}.AppStore|iPhone.Deploy.0 = Release|Any CPU
		{D7E36E0D-FE97-4EDD-99FB-826999620E64}.AppStore|iPhoneSimulator.ActiveCfg = Release|Any CPU
		{D7E36E0D-FE97-4EDD-99FB-826999620E64}.AppStore|iPhoneSimulator.Build.0 = Release|Any CPU
		{D7E36E0D-FE97-4EDD-99FB-826999620E64}.AppStore|iPhoneSimulator.Deploy.0 = Release|Any CPU
		{D7E36E0D-FE97-4EDD-99FB-826999620E64}.AppStore|x64.ActiveCfg = Release|x64
		{D7E36E0D-FE97-4EDD-99FB-826999620E64}.AppStore|x64.Build.0 = Release|x64
		{D7E36E0D-FE97-4EDD-99FB-826999620E64}.AppStore|x64.Deploy.0 = Release|x64
		{D7E36E0D-FE97-4EDD-99FB-826999620E64}.AppStore|x86.ActiveCfg = Release|x86
		{D7E36E0D-FE97-4EDD-99FB-826999620E64}.AppStore|x86.Build.0 = Release|x86
		{D7E36E0D-FE97-4EDD-99FB-826999620E64}.AppStore|x86.Deploy.0 = Release|x86
		{D7E36E0D-FE97-4EDD-99FB-826999620E64}.Debug|Any CPU.ActiveCfg = Debug|Any CPU
		{D7E36E0D-FE97-4EDD-99FB-826999620E64}.Debug|Any CPU.Build.0 = Debug|Any CPU
		{D7E36E0D-FE97-4EDD-99FB-826999620E64}.Debug|Any CPU.Deploy.0 = Debug|Any CPU
		{D7E36E0D-FE97-4EDD-99FB-826999620E64}.Debug|ARM.ActiveCfg = Debug|ARM
		{D7E36E0D-FE97-4EDD-99FB-826999620E64}.Debug|ARM.Build.0 = Debug|ARM
		{D7E36E0D-FE97-4EDD-99FB-826999620E64}.Debug|ARM.Deploy.0 = Debug|ARM
		{D7E36E0D-FE97-4EDD-99FB-826999620E64}.Debug|iPhone.ActiveCfg = Debug|Any CPU
		{D7E36E0D-FE97-4EDD-99FB-826999620E64}.Debug|iPhone.Build.0 = Debug|Any CPU
		{D7E36E0D-FE97-4EDD-99FB-826999620E64}.Debug|iPhone.Deploy.0 = Debug|Any CPU
		{D7E36E0D-FE97-4EDD-99FB-826999620E64}.Debug|iPhoneSimulator.ActiveCfg = Debug|Any CPU
		{D7E36E0D-FE97-4EDD-99FB-826999620E64}.Debug|iPhoneSimulator.Build.0 = Debug|Any CPU
		{D7E36E0D-FE97-4EDD-99FB-826999620E64}.Debug|iPhoneSimulator.Deploy.0 = Debug|Any CPU
		{D7E36E0D-FE97-4EDD-99FB-826999620E64}.Debug|x64.ActiveCfg = Debug|x64
		{D7E36E0D-FE97-4EDD-99FB-826999620E64}.Debug|x64.Build.0 = Debug|x64
		{D7E36E0D-FE97-4EDD-99FB-826999620E64}.Debug|x64.Deploy.0 = Debug|x64
		{D7E36E0D-FE97-4EDD-99FB-826999620E64}.Debug|x86.ActiveCfg = Debug|x86
		{D7E36E0D-FE97-4EDD-99FB-826999620E64}.Debug|x86.Build.0 = Debug|x86
		{D7E36E0D-FE97-4EDD-99FB-826999620E64}.Debug|x86.Deploy.0 = Debug|x86
		{D7E36E0D-FE97-4EDD-99FB-826999620E64}.Release|Any CPU.ActiveCfg = Release|Any CPU
		{D7E36E0D-FE97-4EDD-99FB-826999620E64}.Release|Any CPU.Build.0 = Release|Any CPU
		{D7E36E0D-FE97-4EDD-99FB-826999620E64}.Release|Any CPU.Deploy.0 = Release|Any CPU
		{D7E36E0D-FE97-4EDD-99FB-826999620E64}.Release|ARM.ActiveCfg = Release|ARM
		{D7E36E0D-FE97-4EDD-99FB-826999620E64}.Release|ARM.Build.0 = Release|ARM
		{D7E36E0D-FE97-4EDD-99FB-826999620E64}.Release|ARM.Deploy.0 = Release|ARM
		{D7E36E0D-FE97-4EDD-99FB-826999620E64}.Release|iPhone.ActiveCfg = Release|Any CPU
		{D7E36E0D-FE97-4EDD-99FB-826999620E64}.Release|iPhone.Build.0 = Release|Any CPU
		{D7E36E0D-FE97-4EDD-99FB-826999620E64}.Release|iPhone.Deploy.0 = Release|Any CPU
		{D7E36E0D-FE97-4EDD-99FB-826999620E64}.Release|iPhoneSimulator.ActiveCfg = Release|Any CPU
		{D7E36E0D-FE97-4EDD-99FB-826999620E64}.Release|iPhoneSimulator.Build.0 = Release|Any CPU
		{D7E36E0D-FE97-4EDD-99FB-826999620E64}.Release|iPhoneSimulator.Deploy.0 = Release|Any CPU
		{D7E36E0D-FE97-4EDD-99FB-826999620E64}.Release|x64.ActiveCfg = Release|x64
		{D7E36E0D-FE97-4EDD-99FB-826999620E64}.Release|x64.Build.0 = Release|x64
		{D7E36E0D-FE97-4EDD-99FB-826999620E64}.Release|x64.Deploy.0 = Release|x64
		{D7E36E0D-FE97-4EDD-99FB-826999620E64}.Release|x86.ActiveCfg = Release|x86
		{D7E36E0D-FE97-4EDD-99FB-826999620E64}.Release|x86.Build.0 = Release|x86
		{D7E36E0D-FE97-4EDD-99FB-826999620E64}.Release|x86.Deploy.0 = Release|x86
	EndGlobalSection
	GlobalSection(SolutionProperties) = preSolution
		HideSolutionNode = FALSE
	EndGlobalSection
EndGlobal
