
Microsoft Visual Studio Solution File, Format Version 12.00
# Visual Studio 14
VisualStudioVersion = 14.0.25420.1
MinimumVisualStudioVersion = 10.0.40219.1
Project("{FAE04EC0-301F-11D3-BF4B-00C04F79EFBC}") = "Fabrikam_v2", "Fabrikam_v2\Fabrikam_v2\Fabrikam_v2.csproj", "{82F3260C-9408-455C-9A10-6B3BEEFBD87D}"
EndProject
Project("{FAE04EC0-301F-11D3-BF4B-00C04F79EFBC}") = "Fabrikam_v2.Droid", "Fabrikam_v2\Fabrikam_v2.Droid\Fabrikam_v2.Droid.csproj", "{3411DF43-FB5E-465E-8E47-94D3430FAFF6}"
EndProject
Project("{FAE04EC0-301F-11D3-BF4B-00C04F79EFBC}") = "Fabrikam_v2.iOS", "Fabrikam_v2\Fabrikam_v2.iOS\Fabrikam_v2.iOS.csproj", "{73641813-522C-498A-913F-CA0E8B2E8FB4}"
EndProject
Project("{FAE04EC0-301F-11D3-BF4B-00C04F79EFBC}") = "Fabrikam_v2.WinPhone", "Fabrikam_v2\Fabrikam_v2.WinPhone\Fabrikam_v2.WinPhone.csproj", "{B4D9421E-AA4A-4073-90B0-5DCFDB11C216}"
EndProject
Project("{FAE04EC0-301F-11D3-BF4B-00C04F79EFBC}") = "Fabrikam_v2.Windows", "Fabrikam_v2\Fabrikam_v2.Windows\Fabrikam_v2.Windows.csproj", "{BBE1F3AB-2391-41ED-B60F-F6DE445B62E0}"
EndProject
Global
	GlobalSection(SolutionConfigurationPlatforms) = preSolution
		Ad-Hoc|Any CPU = Ad-Hoc|Any CPU
		Ad-Hoc|ARM = Ad-Hoc|ARM
		Ad-Hoc|iPhone = Ad-Hoc|iPhone
		Ad-Hoc|iPhoneSimulator = Ad-Hoc|iPhoneSimulator
		Ad-Hoc|x64 = Ad-Hoc|x64
		Ad-Hoc|x86 = Ad-Hoc|x86
		AppStore|Any CPU = AppStore|Any CPU
		AppStore|ARM = AppStore|ARM
		AppStore|iPhone = AppStore|iPhone
		AppStore|iPhoneSimulator = AppStore|iPhoneSimulator
		AppStore|x64 = AppStore|x64
		AppStore|x86 = AppStore|x86
		Debug|Any CPU = Debug|Any CPU
		Debug|ARM = Debug|ARM
		Debug|iPhone = Debug|iPhone
		Debug|iPhoneSimulator = Debug|iPhoneSimulator
		Debug|x64 = Debug|x64
		Debug|x86 = Debug|x86
		Release|Any CPU = Release|Any CPU
		Release|ARM = Release|ARM
		Release|iPhone = Release|iPhone
		Release|iPhoneSimulator = Release|iPhoneSimulator
		Release|x64 = Release|x64
		Release|x86 = Release|x86
	EndGlobalSection
	GlobalSection(ProjectConfigurationPlatforms) = postSolution
		{82F3260C-9408-455C-9A10-6B3BEEFBD87D}.Ad-Hoc|Any CPU.ActiveCfg = Release|Any CPU
		{82F3260C-9408-455C-9A10-6B3BEEFBD87D}.Ad-Hoc|Any CPU.Build.0 = Release|Any CPU
		{82F3260C-9408-455C-9A10-6B3BEEFBD87D}.Ad-Hoc|ARM.ActiveCfg = Release|Any CPU
		{82F3260C-9408-455C-9A10-6B3BEEFBD87D}.Ad-Hoc|ARM.Build.0 = Release|Any CPU
		{82F3260C-9408-455C-9A10-6B3BEEFBD87D}.Ad-Hoc|iPhone.ActiveCfg = Release|Any CPU
		{82F3260C-9408-455C-9A10-6B3BEEFBD87D}.Ad-Hoc|iPhone.Build.0 = Release|Any CPU
		{82F3260C-9408-455C-9A10-6B3BEEFBD87D}.Ad-Hoc|iPhoneSimulator.ActiveCfg = Release|Any CPU
		{82F3260C-9408-455C-9A10-6B3BEEFBD87D}.Ad-Hoc|iPhoneSimulator.Build.0 = Release|Any CPU
		{82F3260C-9408-455C-9A10-6B3BEEFBD87D}.Ad-Hoc|x64.ActiveCfg = Release|Any CPU
		{82F3260C-9408-455C-9A10-6B3BEEFBD87D}.Ad-Hoc|x64.Build.0 = Release|Any CPU
		{82F3260C-9408-455C-9A10-6B3BEEFBD87D}.Ad-Hoc|x86.ActiveCfg = Release|Any CPU
		{82F3260C-9408-455C-9A10-6B3BEEFBD87D}.Ad-Hoc|x86.Build.0 = Release|Any CPU
		{82F3260C-9408-455C-9A10-6B3BEEFBD87D}.AppStore|Any CPU.ActiveCfg = Release|Any CPU
		{82F3260C-9408-455C-9A10-6B3BEEFBD87D}.AppStore|Any CPU.Build.0 = Release|Any CPU
		{82F3260C-9408-455C-9A10-6B3BEEFBD87D}.AppStore|ARM.ActiveCfg = Release|Any CPU
		{82F3260C-9408-455C-9A10-6B3BEEFBD87D}.AppStore|ARM.Build.0 = Release|Any CPU
		{82F3260C-9408-455C-9A10-6B3BEEFBD87D}.AppStore|iPhone.ActiveCfg = Release|Any CPU
		{82F3260C-9408-455C-9A10-6B3BEEFBD87D}.AppStore|iPhone.Build.0 = Release|Any CPU
		{82F3260C-9408-455C-9A10-6B3BEEFBD87D}.AppStore|iPhoneSimulator.ActiveCfg = Release|Any CPU
		{82F3260C-9408-455C-9A10-6B3BEEFBD87D}.AppStore|iPhoneSimulator.Build.0 = Release|Any CPU
		{82F3260C-9408-455C-9A10-6B3BEEFBD87D}.AppStore|x64.ActiveCfg = Release|Any CPU
		{82F3260C-9408-455C-9A10-6B3BEEFBD87D}.AppStore|x64.Build.0 = Release|Any CPU
		{82F3260C-9408-455C-9A10-6B3BEEFBD87D}.AppStore|x86.ActiveCfg = Release|Any CPU
		{82F3260C-9408-455C-9A10-6B3BEEFBD87D}.AppStore|x86.Build.0 = Release|Any CPU
		{82F3260C-9408-455C-9A10-6B3BEEFBD87D}.Debug|Any CPU.ActiveCfg = Debug|Any CPU
		{82F3260C-9408-455C-9A10-6B3BEEFBD87D}.Debug|Any CPU.Build.0 = Debug|Any CPU
		{82F3260C-9408-455C-9A10-6B3BEEFBD87D}.Debug|ARM.ActiveCfg = Debug|Any CPU
		{82F3260C-9408-455C-9A10-6B3BEEFBD87D}.Debug|ARM.Build.0 = Debug|Any CPU
		{82F3260C-9408-455C-9A10-6B3BEEFBD87D}.Debug|iPhone.ActiveCfg = Debug|Any CPU
		{82F3260C-9408-455C-9A10-6B3BEEFBD87D}.Debug|iPhone.Build.0 = Debug|Any CPU
		{82F3260C-9408-455C-9A10-6B3BEEFBD87D}.Debug|iPhoneSimulator.ActiveCfg = Debug|Any CPU
		{82F3260C-9408-455C-9A10-6B3BEEFBD87D}.Debug|iPhoneSimulator.Build.0 = Debug|Any CPU
		{82F3260C-9408-455C-9A10-6B3BEEFBD87D}.Debug|x64.ActiveCfg = Debug|Any CPU
		{82F3260C-9408-455C-9A10-6B3BEEFBD87D}.Debug|x64.Build.0 = Debug|Any CPU
		{82F3260C-9408-455C-9A10-6B3BEEFBD87D}.Debug|x86.ActiveCfg = Debug|Any CPU
		{82F3260C-9408-455C-9A10-6B3BEEFBD87D}.Debug|x86.Build.0 = Debug|Any CPU
		{82F3260C-9408-455C-9A10-6B3BEEFBD87D}.Release|Any CPU.ActiveCfg = Release|Any CPU
		{82F3260C-9408-455C-9A10-6B3BEEFBD87D}.Release|Any CPU.Build.0 = Release|Any CPU
		{82F3260C-9408-455C-9A10-6B3BEEFBD87D}.Release|ARM.ActiveCfg = Release|Any CPU
		{82F3260C-9408-455C-9A10-6B3BEEFBD87D}.Release|ARM.Build.0 = Release|Any CPU
		{82F3260C-9408-455C-9A10-6B3BEEFBD87D}.Release|iPhone.ActiveCfg = Release|Any CPU
		{82F3260C-9408-455C-9A10-6B3BEEFBD87D}.Release|iPhone.Build.0 = Release|Any CPU
		{82F3260C-9408-455C-9A10-6B3BEEFBD87D}.Release|iPhoneSimulator.ActiveCfg = Release|Any CPU
		{82F3260C-9408-455C-9A10-6B3BEEFBD87D}.Release|iPhoneSimulator.Build.0 = Release|Any CPU
		{82F3260C-9408-455C-9A10-6B3BEEFBD87D}.Release|x64.ActiveCfg = Release|Any CPU
		{82F3260C-9408-455C-9A10-6B3BEEFBD87D}.Release|x64.Build.0 = Release|Any CPU
		{82F3260C-9408-455C-9A10-6B3BEEFBD87D}.Release|x86.ActiveCfg = Release|Any CPU
		{82F3260C-9408-455C-9A10-6B3BEEFBD87D}.Release|x86.Build.0 = Release|Any CPU
		{3411DF43-FB5E-465E-8E47-94D3430FAFF6}.Ad-Hoc|Any CPU.ActiveCfg = Release|Any CPU
		{3411DF43-FB5E-465E-8E47-94D3430FAFF6}.Ad-Hoc|Any CPU.Build.0 = Release|Any CPU
		{3411DF43-FB5E-465E-8E47-94D3430FAFF6}.Ad-Hoc|Any CPU.Deploy.0 = Release|Any CPU
		{3411DF43-FB5E-465E-8E47-94D3430FAFF6}.Ad-Hoc|ARM.ActiveCfg = Release|Any CPU
		{3411DF43-FB5E-465E-8E47-94D3430FAFF6}.Ad-Hoc|ARM.Build.0 = Release|Any CPU
		{3411DF43-FB5E-465E-8E47-94D3430FAFF6}.Ad-Hoc|ARM.Deploy.0 = Release|Any CPU
		{3411DF43-FB5E-465E-8E47-94D3430FAFF6}.Ad-Hoc|iPhone.ActiveCfg = Release|Any CPU
		{3411DF43-FB5E-465E-8E47-94D3430FAFF6}.Ad-Hoc|iPhone.Build.0 = Release|Any CPU
		{3411DF43-FB5E-465E-8E47-94D3430FAFF6}.Ad-Hoc|iPhone.Deploy.0 = Release|Any CPU
		{3411DF43-FB5E-465E-8E47-94D3430FAFF6}.Ad-Hoc|iPhoneSimulator.ActiveCfg = Release|Any CPU
		{3411DF43-FB5E-465E-8E47-94D3430FAFF6}.Ad-Hoc|iPhoneSimulator.Build.0 = Release|Any CPU
		{3411DF43-FB5E-465E-8E47-94D3430FAFF6}.Ad-Hoc|iPhoneSimulator.Deploy.0 = Release|Any CPU
		{3411DF43-FB5E-465E-8E47-94D3430FAFF6}.Ad-Hoc|x64.ActiveCfg = Release|Any CPU
		{3411DF43-FB5E-465E-8E47-94D3430FAFF6}.Ad-Hoc|x64.Build.0 = Release|Any CPU
		{3411DF43-FB5E-465E-8E47-94D3430FAFF6}.Ad-Hoc|x64.Deploy.0 = Release|Any CPU
		{3411DF43-FB5E-465E-8E47-94D3430FAFF6}.Ad-Hoc|x86.ActiveCfg = Release|Any CPU
		{3411DF43-FB5E-465E-8E47-94D3430FAFF6}.Ad-Hoc|x86.Build.0 = Release|Any CPU
		{3411DF43-FB5E-465E-8E47-94D3430FAFF6}.Ad-Hoc|x86.Deploy.0 = Release|Any CPU
		{3411DF43-FB5E-465E-8E47-94D3430FAFF6}.AppStore|Any CPU.ActiveCfg = Release|Any CPU
		{3411DF43-FB5E-465E-8E47-94D3430FAFF6}.AppStore|Any CPU.Build.0 = Release|Any CPU
		{3411DF43-FB5E-465E-8E47-94D3430FAFF6}.AppStore|Any CPU.Deploy.0 = Release|Any CPU
		{3411DF43-FB5E-465E-8E47-94D3430FAFF6}.AppStore|ARM.ActiveCfg = Release|Any CPU
		{3411DF43-FB5E-465E-8E47-94D3430FAFF6}.AppStore|ARM.Build.0 = Release|Any CPU
		{3411DF43-FB5E-465E-8E47-94D3430FAFF6}.AppStore|ARM.Deploy.0 = Release|Any CPU
		{3411DF43-FB5E-465E-8E47-94D3430FAFF6}.AppStore|iPhone.ActiveCfg = Release|Any CPU
		{3411DF43-FB5E-465E-8E47-94D3430FAFF6}.AppStore|iPhone.Build.0 = Release|Any CPU
		{3411DF43-FB5E-465E-8E47-94D3430FAFF6}.AppStore|iPhone.Deploy.0 = Release|Any CPU
		{3411DF43-FB5E-465E-8E47-94D3430FAFF6}.AppStore|iPhoneSimulator.ActiveCfg = Release|Any CPU
		{3411DF43-FB5E-465E-8E47-94D3430FAFF6}.AppStore|iPhoneSimulator.Build.0 = Release|Any CPU
		{3411DF43-FB5E-465E-8E47-94D3430FAFF6}.AppStore|iPhoneSimulator.Deploy.0 = Release|Any CPU
		{3411DF43-FB5E-465E-8E47-94D3430FAFF6}.AppStore|x64.ActiveCfg = Release|Any CPU
		{3411DF43-FB5E-465E-8E47-94D3430FAFF6}.AppStore|x64.Build.0 = Release|Any CPU
		{3411DF43-FB5E-465E-8E47-94D3430FAFF6}.AppStore|x64.Deploy.0 = Release|Any CPU
		{3411DF43-FB5E-465E-8E47-94D3430FAFF6}.AppStore|x86.ActiveCfg = Release|Any CPU
		{3411DF43-FB5E-465E-8E47-94D3430FAFF6}.AppStore|x86.Build.0 = Release|Any CPU
		{3411DF43-FB5E-465E-8E47-94D3430FAFF6}.AppStore|x86.Deploy.0 = Release|Any CPU
		{3411DF43-FB5E-465E-8E47-94D3430FAFF6}.Debug|Any CPU.ActiveCfg = Debug|Any CPU
		{3411DF43-FB5E-465E-8E47-94D3430FAFF6}.Debug|Any CPU.Build.0 = Debug|Any CPU
		{3411DF43-FB5E-465E-8E47-94D3430FAFF6}.Debug|Any CPU.Deploy.0 = Debug|Any CPU
		{3411DF43-FB5E-465E-8E47-94D3430FAFF6}.Debug|ARM.ActiveCfg = Debug|Any CPU
		{3411DF43-FB5E-465E-8E47-94D3430FAFF6}.Debug|ARM.Build.0 = Debug|Any CPU
		{3411DF43-FB5E-465E-8E47-94D3430FAFF6}.Debug|ARM.Deploy.0 = Debug|Any CPU
		{3411DF43-FB5E-465E-8E47-94D3430FAFF6}.Debug|iPhone.ActiveCfg = Debug|Any CPU
		{3411DF43-FB5E-465E-8E47-94D3430FAFF6}.Debug|iPhone.Build.0 = Debug|Any CPU
		{3411DF43-FB5E-465E-8E47-94D3430FAFF6}.Debug|iPhone.Deploy.0 = Debug|Any CPU
		{3411DF43-FB5E-465E-8E47-94D3430FAFF6}.Debug|iPhoneSimulator.ActiveCfg = Debug|Any CPU
		{3411DF43-FB5E-465E-8E47-94D3430FAFF6}.Debug|iPhoneSimulator.Build.0 = Debug|Any CPU
		{3411DF43-FB5E-465E-8E47-94D3430FAFF6}.Debug|iPhoneSimulator.Deploy.0 = Debug|Any CPU
		{3411DF43-FB5E-465E-8E47-94D3430FAFF6}.Debug|x64.ActiveCfg = Debug|Any CPU
		{3411DF43-FB5E-465E-8E47-94D3430FAFF6}.Debug|x64.Build.0 = Debug|Any CPU
		{3411DF43-FB5E-465E-8E47-94D3430FAFF6}.Debug|x64.Deploy.0 = Debug|Any CPU
		{3411DF43-FB5E-465E-8E47-94D3430FAFF6}.Debug|x86.ActiveCfg = Debug|Any CPU
		{3411DF43-FB5E-465E-8E47-94D3430FAFF6}.Debug|x86.Build.0 = Debug|Any CPU
		{3411DF43-FB5E-465E-8E47-94D3430FAFF6}.Debug|x86.Deploy.0 = Debug|Any CPU
		{3411DF43-FB5E-465E-8E47-94D3430FAFF6}.Release|Any CPU.ActiveCfg = Release|Any CPU
		{3411DF43-FB5E-465E-8E47-94D3430FAFF6}.Release|Any CPU.Build.0 = Release|Any CPU
		{3411DF43-FB5E-465E-8E47-94D3430FAFF6}.Release|Any CPU.Deploy.0 = Release|Any CPU
		{3411DF43-FB5E-465E-8E47-94D3430FAFF6}.Release|ARM.ActiveCfg = Release|Any CPU
		{3411DF43-FB5E-465E-8E47-94D3430FAFF6}.Release|ARM.Build.0 = Release|Any CPU
		{3411DF43-FB5E-465E-8E47-94D3430FAFF6}.Release|ARM.Deploy.0 = Release|Any CPU
		{3411DF43-FB5E-465E-8E47-94D3430FAFF6}.Release|iPhone.ActiveCfg = Release|Any CPU
		{3411DF43-FB5E-465E-8E47-94D3430FAFF6}.Release|iPhone.Build.0 = Release|Any CPU
		{3411DF43-FB5E-465E-8E47-94D3430FAFF6}.Release|iPhone.Deploy.0 = Release|Any CPU
		{3411DF43-FB5E-465E-8E47-94D3430FAFF6}.Release|iPhoneSimulator.ActiveCfg = Release|Any CPU
		{3411DF43-FB5E-465E-8E47-94D3430FAFF6}.Release|iPhoneSimulator.Build.0 = Release|Any CPU
		{3411DF43-FB5E-465E-8E47-94D3430FAFF6}.Release|iPhoneSimulator.Deploy.0 = Release|Any CPU
		{3411DF43-FB5E-465E-8E47-94D3430FAFF6}.Release|x64.ActiveCfg = Release|Any CPU
		{3411DF43-FB5E-465E-8E47-94D3430FAFF6}.Release|x64.Build.0 = Release|Any CPU
		{3411DF43-FB5E-465E-8E47-94D3430FAFF6}.Release|x64.Deploy.0 = Release|Any CPU
		{3411DF43-FB5E-465E-8E47-94D3430FAFF6}.Release|x86.ActiveCfg = Release|Any CPU
		{3411DF43-FB5E-465E-8E47-94D3430FAFF6}.Release|x86.Build.0 = Release|Any CPU
		{3411DF43-FB5E-465E-8E47-94D3430FAFF6}.Release|x86.Deploy.0 = Release|Any CPU
		{73641813-522C-498A-913F-CA0E8B2E8FB4}.Ad-Hoc|Any CPU.ActiveCfg = Ad-Hoc|iPhone
		{73641813-522C-498A-913F-CA0E8B2E8FB4}.Ad-Hoc|ARM.ActiveCfg = Ad-Hoc|iPhone
		{73641813-522C-498A-913F-CA0E8B2E8FB4}.Ad-Hoc|iPhone.ActiveCfg = Ad-Hoc|iPhone
		{73641813-522C-498A-913F-CA0E8B2E8FB4}.Ad-Hoc|iPhone.Build.0 = Ad-Hoc|iPhone
		{73641813-522C-498A-913F-CA0E8B2E8FB4}.Ad-Hoc|iPhoneSimulator.ActiveCfg = Ad-Hoc|iPhoneSimulator
		{73641813-522C-498A-913F-CA0E8B2E8FB4}.Ad-Hoc|iPhoneSimulator.Build.0 = Ad-Hoc|iPhoneSimulator
		{73641813-522C-498A-913F-CA0E8B2E8FB4}.Ad-Hoc|x64.ActiveCfg = Ad-Hoc|iPhone
		{73641813-522C-498A-913F-CA0E8B2E8FB4}.Ad-Hoc|x86.ActiveCfg = Ad-Hoc|iPhone
		{73641813-522C-498A-913F-CA0E8B2E8FB4}.AppStore|Any CPU.ActiveCfg = AppStore|iPhone
		{73641813-522C-498A-913F-CA0E8B2E8FB4}.AppStore|ARM.ActiveCfg = AppStore|iPhone
		{73641813-522C-498A-913F-CA0E8B2E8FB4}.AppStore|iPhone.ActiveCfg = AppStore|iPhone
		{73641813-522C-498A-913F-CA0E8B2E8FB4}.AppStore|iPhone.Build.0 = AppStore|iPhone
		{73641813-522C-498A-913F-CA0E8B2E8FB4}.AppStore|iPhoneSimulator.ActiveCfg = AppStore|iPhoneSimulator
		{73641813-522C-498A-913F-CA0E8B2E8FB4}.AppStore|iPhoneSimulator.Build.0 = AppStore|iPhoneSimulator
		{73641813-522C-498A-913F-CA0E8B2E8FB4}.AppStore|x64.ActiveCfg = AppStore|iPhone
		{73641813-522C-498A-913F-CA0E8B2E8FB4}.AppStore|x86.ActiveCfg = AppStore|iPhone
		{73641813-522C-498A-913F-CA0E8B2E8FB4}.Debug|Any CPU.ActiveCfg = Debug|iPhone
		{73641813-522C-498A-913F-CA0E8B2E8FB4}.Debug|ARM.ActiveCfg = Debug|iPhone
		{73641813-522C-498A-913F-CA0E8B2E8FB4}.Debug|iPhone.ActiveCfg = Debug|iPhone
		{73641813-522C-498A-913F-CA0E8B2E8FB4}.Debug|iPhone.Build.0 = Debug|iPhone
		{73641813-522C-498A-913F-CA0E8B2E8FB4}.Debug|iPhoneSimulator.ActiveCfg = Debug|iPhoneSimulator
		{73641813-522C-498A-913F-CA0E8B2E8FB4}.Debug|iPhoneSimulator.Build.0 = Debug|iPhoneSimulator
		{73641813-522C-498A-913F-CA0E8B2E8FB4}.Debug|x64.ActiveCfg = Debug|iPhone
		{73641813-522C-498A-913F-CA0E8B2E8FB4}.Debug|x86.ActiveCfg = Debug|iPhone
		{73641813-522C-498A-913F-CA0E8B2E8FB4}.Release|Any CPU.ActiveCfg = Release|iPhone
		{73641813-522C-498A-913F-CA0E8B2E8FB4}.Release|ARM.ActiveCfg = Release|iPhone
		{73641813-522C-498A-913F-CA0E8B2E8FB4}.Release|iPhone.ActiveCfg = Release|iPhone
		{73641813-522C-498A-913F-CA0E8B2E8FB4}.Release|iPhone.Build.0 = Release|iPhone
		{73641813-522C-498A-913F-CA0E8B2E8FB4}.Release|iPhoneSimulator.ActiveCfg = Release|iPhoneSimulator
		{73641813-522C-498A-913F-CA0E8B2E8FB4}.Release|iPhoneSimulator.Build.0 = Release|iPhoneSimulator
		{73641813-522C-498A-913F-CA0E8B2E8FB4}.Release|x64.ActiveCfg = Release|iPhone
		{73641813-522C-498A-913F-CA0E8B2E8FB4}.Release|x86.ActiveCfg = Release|iPhone
		{B4D9421E-AA4A-4073-90B0-5DCFDB11C216}.Ad-Hoc|Any CPU.ActiveCfg = Release|Any CPU
		{B4D9421E-AA4A-4073-90B0-5DCFDB11C216}.Ad-Hoc|Any CPU.Build.0 = Release|Any CPU
		{B4D9421E-AA4A-4073-90B0-5DCFDB11C216}.Ad-Hoc|Any CPU.Deploy.0 = Release|Any CPU
		{B4D9421E-AA4A-4073-90B0-5DCFDB11C216}.Ad-Hoc|ARM.ActiveCfg = Release|ARM
		{B4D9421E-AA4A-4073-90B0-5DCFDB11C216}.Ad-Hoc|ARM.Build.0 = Release|ARM
		{B4D9421E-AA4A-4073-90B0-5DCFDB11C216}.Ad-Hoc|ARM.Deploy.0 = Release|ARM
		{B4D9421E-AA4A-4073-90B0-5DCFDB11C216}.Ad-Hoc|iPhone.ActiveCfg = Release|Any CPU
		{B4D9421E-AA4A-4073-90B0-5DCFDB11C216}.Ad-Hoc|iPhone.Build.0 = Release|Any CPU
		{B4D9421E-AA4A-4073-90B0-5DCFDB11C216}.Ad-Hoc|iPhone.Deploy.0 = Release|Any CPU
		{B4D9421E-AA4A-4073-90B0-5DCFDB11C216}.Ad-Hoc|iPhoneSimulator.ActiveCfg = Release|Any CPU
		{B4D9421E-AA4A-4073-90B0-5DCFDB11C216}.Ad-Hoc|iPhoneSimulator.Build.0 = Release|Any CPU
		{B4D9421E-AA4A-4073-90B0-5DCFDB11C216}.Ad-Hoc|iPhoneSimulator.Deploy.0 = Release|Any CPU
		{B4D9421E-AA4A-4073-90B0-5DCFDB11C216}.Ad-Hoc|x64.ActiveCfg = Release|Any CPU
		{B4D9421E-AA4A-4073-90B0-5DCFDB11C216}.Ad-Hoc|x64.Build.0 = Release|Any CPU
		{B4D9421E-AA4A-4073-90B0-5DCFDB11C216}.Ad-Hoc|x64.Deploy.0 = Release|Any CPU
		{B4D9421E-AA4A-4073-90B0-5DCFDB11C216}.Ad-Hoc|x86.ActiveCfg = Release|x86
		{B4D9421E-AA4A-4073-90B0-5DCFDB11C216}.Ad-Hoc|x86.Build.0 = Release|x86
		{B4D9421E-AA4A-4073-90B0-5DCFDB11C216}.Ad-Hoc|x86.Deploy.0 = Release|x86
		{B4D9421E-AA4A-4073-90B0-5DCFDB11C216}.AppStore|Any CPU.ActiveCfg = Release|Any CPU
		{B4D9421E-AA4A-4073-90B0-5DCFDB11C216}.AppStore|Any CPU.Build.0 = Release|Any CPU
		{B4D9421E-AA4A-4073-90B0-5DCFDB11C216}.AppStore|Any CPU.Deploy.0 = Release|Any CPU
		{B4D9421E-AA4A-4073-90B0-5DCFDB11C216}.AppStore|ARM.ActiveCfg = Release|ARM
		{B4D9421E-AA4A-4073-90B0-5DCFDB11C216}.AppStore|ARM.Build.0 = Release|ARM
		{B4D9421E-AA4A-4073-90B0-5DCFDB11C216}.AppStore|ARM.Deploy.0 = Release|ARM
		{B4D9421E-AA4A-4073-90B0-5DCFDB11C216}.AppStore|iPhone.ActiveCfg = Release|Any CPU
		{B4D9421E-AA4A-4073-90B0-5DCFDB11C216}.AppStore|iPhone.Build.0 = Release|Any CPU
		{B4D9421E-AA4A-4073-90B0-5DCFDB11C216}.AppStore|iPhone.Deploy.0 = Release|Any CPU
		{B4D9421E-AA4A-4073-90B0-5DCFDB11C216}.AppStore|iPhoneSimulator.ActiveCfg = Release|Any CPU
		{B4D9421E-AA4A-4073-90B0-5DCFDB11C216}.AppStore|iPhoneSimulator.Build.0 = Release|Any CPU
		{B4D9421E-AA4A-4073-90B0-5DCFDB11C216}.AppStore|iPhoneSimulator.Deploy.0 = Release|Any CPU
		{B4D9421E-AA4A-4073-90B0-5DCFDB11C216}.AppStore|x64.ActiveCfg = Release|Any CPU
		{B4D9421E-AA4A-4073-90B0-5DCFDB11C216}.AppStore|x64.Build.0 = Release|Any CPU
		{B4D9421E-AA4A-4073-90B0-5DCFDB11C216}.AppStore|x64.Deploy.0 = Release|Any CPU
		{B4D9421E-AA4A-4073-90B0-5DCFDB11C216}.AppStore|x86.ActiveCfg = Release|x86
		{B4D9421E-AA4A-4073-90B0-5DCFDB11C216}.AppStore|x86.Build.0 = Release|x86
		{B4D9421E-AA4A-4073-90B0-5DCFDB11C216}.AppStore|x86.Deploy.0 = Release|x86
		{B4D9421E-AA4A-4073-90B0-5DCFDB11C216}.Debug|Any CPU.ActiveCfg = Debug|Any CPU
		{B4D9421E-AA4A-4073-90B0-5DCFDB11C216}.Debug|Any CPU.Build.0 = Debug|Any CPU
		{B4D9421E-AA4A-4073-90B0-5DCFDB11C216}.Debug|Any CPU.Deploy.0 = Debug|Any CPU
		{B4D9421E-AA4A-4073-90B0-5DCFDB11C216}.Debug|ARM.ActiveCfg = Debug|ARM
		{B4D9421E-AA4A-4073-90B0-5DCFDB11C216}.Debug|ARM.Build.0 = Debug|ARM
		{B4D9421E-AA4A-4073-90B0-5DCFDB11C216}.Debug|ARM.Deploy.0 = Debug|ARM
		{B4D9421E-AA4A-4073-90B0-5DCFDB11C216}.Debug|iPhone.ActiveCfg = Debug|Any CPU
		{B4D9421E-AA4A-4073-90B0-5DCFDB11C216}.Debug|iPhone.Build.0 = Debug|Any CPU
		{B4D9421E-AA4A-4073-90B0-5DCFDB11C216}.Debug|iPhone.Deploy.0 = Debug|Any CPU
		{B4D9421E-AA4A-4073-90B0-5DCFDB11C216}.Debug|iPhoneSimulator.ActiveCfg = Debug|Any CPU
		{B4D9421E-AA4A-4073-90B0-5DCFDB11C216}.Debug|iPhoneSimulator.Build.0 = Debug|Any CPU
		{B4D9421E-AA4A-4073-90B0-5DCFDB11C216}.Debug|iPhoneSimulator.Deploy.0 = Debug|Any CPU
		{B4D9421E-AA4A-4073-90B0-5DCFDB11C216}.Debug|x64.ActiveCfg = Debug|Any CPU
		{B4D9421E-AA4A-4073-90B0-5DCFDB11C216}.Debug|x64.Build.0 = Debug|Any CPU
		{B4D9421E-AA4A-4073-90B0-5DCFDB11C216}.Debug|x64.Deploy.0 = Debug|Any CPU
		{B4D9421E-AA4A-4073-90B0-5DCFDB11C216}.Debug|x86.ActiveCfg = Debug|x86
		{B4D9421E-AA4A-4073-90B0-5DCFDB11C216}.Debug|x86.Build.0 = Debug|x86
		{B4D9421E-AA4A-4073-90B0-5DCFDB11C216}.Debug|x86.Deploy.0 = Debug|x86
		{B4D9421E-AA4A-4073-90B0-5DCFDB11C216}.Release|Any CPU.ActiveCfg = Release|Any CPU
		{B4D9421E-AA4A-4073-90B0-5DCFDB11C216}.Release|Any CPU.Build.0 = Release|Any CPU
		{B4D9421E-AA4A-4073-90B0-5DCFDB11C216}.Release|Any CPU.Deploy.0 = Release|Any CPU
		{B4D9421E-AA4A-4073-90B0-5DCFDB11C216}.Release|ARM.ActiveCfg = Release|ARM
		{B4D9421E-AA4A-4073-90B0-5DCFDB11C216}.Release|ARM.Build.0 = Release|ARM
		{B4D9421E-AA4A-4073-90B0-5DCFDB11C216}.Release|ARM.Deploy.0 = Release|ARM
		{B4D9421E-AA4A-4073-90B0-5DCFDB11C216}.Release|iPhone.ActiveCfg = Release|Any CPU
		{B4D9421E-AA4A-4073-90B0-5DCFDB11C216}.Release|iPhone.Build.0 = Release|Any CPU
		{B4D9421E-AA4A-4073-90B0-5DCFDB11C216}.Release|iPhone.Deploy.0 = Release|Any CPU
		{B4D9421E-AA4A-4073-90B0-5DCFDB11C216}.Release|iPhoneSimulator.ActiveCfg = Release|Any CPU
		{B4D9421E-AA4A-4073-90B0-5DCFDB11C216}.Release|iPhoneSimulator.Build.0 = Release|Any CPU
		{B4D9421E-AA4A-4073-90B0-5DCFDB11C216}.Release|iPhoneSimulator.Deploy.0 = Release|Any CPU
		{B4D9421E-AA4A-4073-90B0-5DCFDB11C216}.Release|x64.ActiveCfg = Release|Any CPU
		{B4D9421E-AA4A-4073-90B0-5DCFDB11C216}.Release|x64.Build.0 = Release|Any CPU
		{B4D9421E-AA4A-4073-90B0-5DCFDB11C216}.Release|x64.Deploy.0 = Release|Any CPU
		{B4D9421E-AA4A-4073-90B0-5DCFDB11C216}.Release|x86.ActiveCfg = Release|x86
		{B4D9421E-AA4A-4073-90B0-5DCFDB11C216}.Release|x86.Build.0 = Release|x86
		{B4D9421E-AA4A-4073-90B0-5DCFDB11C216}.Release|x86.Deploy.0 = Release|x86
		{BBE1F3AB-2391-41ED-B60F-F6DE445B62E0}.Ad-Hoc|Any CPU.ActiveCfg = Release|Any CPU
		{BBE1F3AB-2391-41ED-B60F-F6DE445B62E0}.Ad-Hoc|Any CPU.Build.0 = Release|Any CPU
		{BBE1F3AB-2391-41ED-B60F-F6DE445B62E0}.Ad-Hoc|Any CPU.Deploy.0 = Release|Any CPU
		{BBE1F3AB-2391-41ED-B60F-F6DE445B62E0}.Ad-Hoc|ARM.ActiveCfg = Release|ARM
		{BBE1F3AB-2391-41ED-B60F-F6DE445B62E0}.Ad-Hoc|ARM.Build.0 = Release|ARM
		{BBE1F3AB-2391-41ED-B60F-F6DE445B62E0}.Ad-Hoc|ARM.Deploy.0 = Release|ARM
		{BBE1F3AB-2391-41ED-B60F-F6DE445B62E0}.Ad-Hoc|iPhone.ActiveCfg = Release|Any CPU
		{BBE1F3AB-2391-41ED-B60F-F6DE445B62E0}.Ad-Hoc|iPhone.Build.0 = Release|Any CPU
		{BBE1F3AB-2391-41ED-B60F-F6DE445B62E0}.Ad-Hoc|iPhone.Deploy.0 = Release|Any CPU
		{BBE1F3AB-2391-41ED-B60F-F6DE445B62E0}.Ad-Hoc|iPhoneSimulator.ActiveCfg = Release|Any CPU
		{BBE1F3AB-2391-41ED-B60F-F6DE445B62E0}.Ad-Hoc|iPhoneSimulator.Build.0 = Release|Any CPU
		{BBE1F3AB-2391-41ED-B60F-F6DE445B62E0}.Ad-Hoc|iPhoneSimulator.Deploy.0 = Release|Any CPU
		{BBE1F3AB-2391-41ED-B60F-F6DE445B62E0}.Ad-Hoc|x64.ActiveCfg = Release|x64
		{BBE1F3AB-2391-41ED-B60F-F6DE445B62E0}.Ad-Hoc|x64.Build.0 = Release|x64
		{BBE1F3AB-2391-41ED-B60F-F6DE445B62E0}.Ad-Hoc|x64.Deploy.0 = Release|x64
		{BBE1F3AB-2391-41ED-B60F-F6DE445B62E0}.Ad-Hoc|x86.ActiveCfg = Release|x86
		{BBE1F3AB-2391-41ED-B60F-F6DE445B62E0}.Ad-Hoc|x86.Build.0 = Release|x86
		{BBE1F3AB-2391-41ED-B60F-F6DE445B62E0}.Ad-Hoc|x86.Deploy.0 = Release|x86
		{BBE1F3AB-2391-41ED-B60F-F6DE445B62E0}.AppStore|Any CPU.ActiveCfg = Release|Any CPU
		{BBE1F3AB-2391-41ED-B60F-F6DE445B62E0}.AppStore|Any CPU.Build.0 = Release|Any CPU
		{BBE1F3AB-2391-41ED-B60F-F6DE445B62E0}.AppStore|Any CPU.Deploy.0 = Release|Any CPU
		{BBE1F3AB-2391-41ED-B60F-F6DE445B62E0}.AppStore|ARM.ActiveCfg = Release|ARM
		{BBE1F3AB-2391-41ED-B60F-F6DE445B62E0}.AppStore|ARM.Build.0 = Release|ARM
		{BBE1F3AB-2391-41ED-B60F-F6DE445B62E0}.AppStore|ARM.Deploy.0 = Release|ARM
		{BBE1F3AB-2391-41ED-B60F-F6DE445B62E0}.AppStore|iPhone.ActiveCfg = Release|Any CPU
		{BBE1F3AB-2391-41ED-B60F-F6DE445B62E0}.AppStore|iPhone.Build.0 = Release|Any CPU
		{BBE1F3AB-2391-41ED-B60F-F6DE445B62E0}.AppStore|iPhone.Deploy.0 = Release|Any CPU
		{BBE1F3AB-2391-41ED-B60F-F6DE445B62E0}.AppStore|iPhoneSimulator.ActiveCfg = Release|Any CPU
		{BBE1F3AB-2391-41ED-B60F-F6DE445B62E0}.AppStore|iPhoneSimulator.Build.0 = Release|Any CPU
		{BBE1F3AB-2391-41ED-B60F-F6DE445B62E0}.AppStore|iPhoneSimulator.Deploy.0 = Release|Any CPU
		{BBE1F3AB-2391-41ED-B60F-F6DE445B62E0}.AppStore|x64.ActiveCfg = Release|x64
		{BBE1F3AB-2391-41ED-B60F-F6DE445B62E0}.AppStore|x64.Build.0 = Release|x64
		{BBE1F3AB-2391-41ED-B60F-F6DE445B62E0}.AppStore|x64.Deploy.0 = Release|x64
		{BBE1F3AB-2391-41ED-B60F-F6DE445B62E0}.AppStore|x86.ActiveCfg = Release|x86
		{BBE1F3AB-2391-41ED-B60F-F6DE445B62E0}.AppStore|x86.Build.0 = Release|x86
		{BBE1F3AB-2391-41ED-B60F-F6DE445B62E0}.AppStore|x86.Deploy.0 = Release|x86
		{BBE1F3AB-2391-41ED-B60F-F6DE445B62E0}.Debug|Any CPU.ActiveCfg = Debug|Any CPU
		{BBE1F3AB-2391-41ED-B60F-F6DE445B62E0}.Debug|Any CPU.Build.0 = Debug|Any CPU
		{BBE1F3AB-2391-41ED-B60F-F6DE445B62E0}.Debug|Any CPU.Deploy.0 = Debug|Any CPU
		{BBE1F3AB-2391-41ED-B60F-F6DE445B62E0}.Debug|ARM.ActiveCfg = Debug|ARM
		{BBE1F3AB-2391-41ED-B60F-F6DE445B62E0}.Debug|ARM.Build.0 = Debug|ARM
		{BBE1F3AB-2391-41ED-B60F-F6DE445B62E0}.Debug|ARM.Deploy.0 = Debug|ARM
		{BBE1F3AB-2391-41ED-B60F-F6DE445B62E0}.Debug|iPhone.ActiveCfg = Debug|Any CPU
		{BBE1F3AB-2391-41ED-B60F-F6DE445B62E0}.Debug|iPhone.Build.0 = Debug|Any CPU
		{BBE1F3AB-2391-41ED-B60F-F6DE445B62E0}.Debug|iPhone.Deploy.0 = Debug|Any CPU
		{BBE1F3AB-2391-41ED-B60F-F6DE445B62E0}.Debug|iPhoneSimulator.ActiveCfg = Debug|Any CPU
		{BBE1F3AB-2391-41ED-B60F-F6DE445B62E0}.Debug|iPhoneSimulator.Build.0 = Debug|Any CPU
		{BBE1F3AB-2391-41ED-B60F-F6DE445B62E0}.Debug|iPhoneSimulator.Deploy.0 = Debug|Any CPU
		{BBE1F3AB-2391-41ED-B60F-F6DE445B62E0}.Debug|x64.ActiveCfg = Debug|x64
		{BBE1F3AB-2391-41ED-B60F-F6DE445B62E0}.Debug|x64.Build.0 = Debug|x64
		{BBE1F3AB-2391-41ED-B60F-F6DE445B62E0}.Debug|x64.Deploy.0 = Debug|x64
		{BBE1F3AB-2391-41ED-B60F-F6DE445B62E0}.Debug|x86.ActiveCfg = Debug|x86
		{BBE1F3AB-2391-41ED-B60F-F6DE445B62E0}.Debug|x86.Build.0 = Debug|x86
		{BBE1F3AB-2391-41ED-B60F-F6DE445B62E0}.Debug|x86.Deploy.0 = Debug|x86
		{BBE1F3AB-2391-41ED-B60F-F6DE445B62E0}.Release|Any CPU.ActiveCfg = Release|Any CPU
		{BBE1F3AB-2391-41ED-B60F-F6DE445B62E0}.Release|Any CPU.Build.0 = Release|Any CPU
		{BBE1F3AB-2391-41ED-B60F-F6DE445B62E0}.Release|Any CPU.Deploy.0 = Release|Any CPU
		{BBE1F3AB-2391-41ED-B60F-F6DE445B62E0}.Release|ARM.ActiveCfg = Release|ARM
		{BBE1F3AB-2391-41ED-B60F-F6DE445B62E0}.Release|ARM.Build.0 = Release|ARM
		{BBE1F3AB-2391-41ED-B60F-F6DE445B62E0}.Release|ARM.Deploy.0 = Release|ARM
		{BBE1F3AB-2391-41ED-B60F-F6DE445B62E0}.Release|iPhone.ActiveCfg = Release|Any CPU
		{BBE1F3AB-2391-41ED-B60F-F6DE445B62E0}.Release|iPhone.Build.0 = Release|Any CPU
		{BBE1F3AB-2391-41ED-B60F-F6DE445B62E0}.Release|iPhone.Deploy.0 = Release|Any CPU
		{BBE1F3AB-2391-41ED-B60F-F6DE445B62E0}.Release|iPhoneSimulator.ActiveCfg = Release|Any CPU
		{BBE1F3AB-2391-41ED-B60F-F6DE445B62E0}.Release|iPhoneSimulator.Build.0 = Release|Any CPU
		{BBE1F3AB-2391-41ED-B60F-F6DE445B62E0}.Release|iPhoneSimulator.Deploy.0 = Release|Any CPU
		{BBE1F3AB-2391-41ED-B60F-F6DE445B62E0}.Release|x64.ActiveCfg = Release|x64
		{BBE1F3AB-2391-41ED-B60F-F6DE445B62E0}.Release|x64.Build.0 = Release|x64
		{BBE1F3AB-2391-41ED-B60F-F6DE445B62E0}.Release|x64.Deploy.0 = Release|x64
		{BBE1F3AB-2391-41ED-B60F-F6DE445B62E0}.Release|x86.ActiveCfg = Release|x86
		{BBE1F3AB-2391-41ED-B60F-F6DE445B62E0}.Release|x86.Build.0 = Release|x86
		{BBE1F3AB-2391-41ED-B60F-F6DE445B62E0}.Release|x86.Deploy.0 = Release|x86
	EndGlobalSection
	GlobalSection(SolutionProperties) = preSolution
		HideSolutionNode = FALSE
	EndGlobalSection
EndGlobal
