
Microsoft Visual Studio Solution File, Format Version 12.00
# Visual Studio 14
VisualStudioVersion = 14.0.25420.1
MinimumVisualStudioVersion = 10.0.40219.1
Project("{FAE04EC0-301F-11D3-BF4B-00C04F79EFBC}") = "App1", "App1\App1\App1.csproj", "{1895208B-48EB-4019-9F48-4D183C4BE781}"
EndProject
Project("{FAE04EC0-301F-11D3-BF4B-00C04F79EFBC}") = "App1.Droid", "App1\App1.Droid\App1.Droid.csproj", "{64D2563C-A3B1-4625-8822-CA1EB13ED678}"
EndProject
Project("{FAE04EC0-301F-11D3-BF4B-00C04F79EFBC}") = "App1.iOS", "App1\App1.iOS\App1.iOS.csproj", "{D6EFE701-3B55-4961-9343-FA5B17EA3243}"
EndProject
Project("{FAE04EC0-301F-11D3-BF4B-00C04F79EFBC}") = "App1.WinPhone", "App1\App1.WinPhone\App1.WinPhone.csproj", "{E8D93B6B-EB14-46D8-A9B2-1113A118FFBA}"
EndProject
Project("{FAE04EC0-301F-11D3-BF4B-00C04F79EFBC}") = "App1.Windows", "App1\App1.Windows\App1.Windows.csproj", "{AA2560E8-A5F6-4C68-9B41-125DAE9981A0}"
EndProject
Global
	GlobalSection(SolutionConfigurationPlatforms) = preSolution
		Ad-Hoc|Any CPU = Ad-Hoc|Any CPU
		Ad-Hoc|ARM = Ad-Hoc|ARM
		Ad-Hoc|iPhone = Ad-Hoc|iPhone
		Ad-Hoc|iPhoneSimulator = Ad-Hoc|iPhoneSimulator
		Ad-Hoc|x64 = Ad-Hoc|x64
		Ad-Hoc|x86 = Ad-Hoc|x86
		AppStore|Any CPU = AppStore|Any CPU
		AppStore|ARM = AppStore|ARM
		AppStore|iPhone = AppStore|iPhone
		AppStore|iPhoneSimulator = AppStore|iPhoneSimulator
		AppStore|x64 = AppStore|x64
		AppStore|x86 = AppStore|x86
		Debug|Any CPU = Debug|Any CPU
		Debug|ARM = Debug|ARM
		Debug|iPhone = Debug|iPhone
		Debug|iPhoneSimulator = Debug|iPhoneSimulator
		Debug|x64 = Debug|x64
		Debug|x86 = Debug|x86
		Release|Any CPU = Release|Any CPU
		Release|ARM = Release|ARM
		Release|iPhone = Release|iPhone
		Release|iPhoneSimulator = Release|iPhoneSimulator
		Release|x64 = Release|x64
		Release|x86 = Release|x86
	EndGlobalSection
	GlobalSection(ProjectConfigurationPlatforms) = postSolution
		{1895208B-48EB-4019-9F48-4D183C4BE781}.Ad-Hoc|Any CPU.ActiveCfg = Release|Any CPU
		{1895208B-48EB-4019-9F48-4D183C4BE781}.Ad-Hoc|Any CPU.Build.0 = Release|Any CPU
		{1895208B-48EB-4019-9F48-4D183C4BE781}.Ad-Hoc|ARM.ActiveCfg = Release|Any CPU
		{1895208B-48EB-4019-9F48-4D183C4BE781}.Ad-Hoc|ARM.Build.0 = Release|Any CPU
		{1895208B-48EB-4019-9F48-4D183C4BE781}.Ad-Hoc|iPhone.ActiveCfg = Release|Any CPU
		{1895208B-48EB-4019-9F48-4D183C4BE781}.Ad-Hoc|iPhone.Build.0 = Release|Any CPU
		{1895208B-48EB-4019-9F48-4D183C4BE781}.Ad-Hoc|iPhoneSimulator.ActiveCfg = Release|Any CPU
		{1895208B-48EB-4019-9F48-4D183C4BE781}.Ad-Hoc|iPhoneSimulator.Build.0 = Release|Any CPU
		{1895208B-48EB-4019-9F48-4D183C4BE781}.Ad-Hoc|x64.ActiveCfg = Release|Any CPU
		{1895208B-48EB-4019-9F48-4D183C4BE781}.Ad-Hoc|x64.Build.0 = Release|Any CPU
		{1895208B-48EB-4019-9F48-4D183C4BE781}.Ad-Hoc|x86.ActiveCfg = Release|Any CPU
		{1895208B-48EB-4019-9F48-4D183C4BE781}.Ad-Hoc|x86.Build.0 = Release|Any CPU
		{1895208B-48EB-4019-9F48-4D183C4BE781}.AppStore|Any CPU.ActiveCfg = Release|Any CPU
		{1895208B-48EB-4019-9F48-4D183C4BE781}.AppStore|Any CPU.Build.0 = Release|Any CPU
		{1895208B-48EB-4019-9F48-4D183C4BE781}.AppStore|ARM.ActiveCfg = Release|Any CPU
		{1895208B-48EB-4019-9F48-4D183C4BE781}.AppStore|ARM.Build.0 = Release|Any CPU
		{1895208B-48EB-4019-9F48-4D183C4BE781}.AppStore|iPhone.ActiveCfg = Release|Any CPU
		{1895208B-48EB-4019-9F48-4D183C4BE781}.AppStore|iPhone.Build.0 = Release|Any CPU
		{1895208B-48EB-4019-9F48-4D183C4BE781}.AppStore|iPhoneSimulator.ActiveCfg = Release|Any CPU
		{1895208B-48EB-4019-9F48-4D183C4BE781}.AppStore|iPhoneSimulator.Build.0 = Release|Any CPU
		{1895208B-48EB-4019-9F48-4D183C4BE781}.AppStore|x64.ActiveCfg = Release|Any CPU
		{1895208B-48EB-4019-9F48-4D183C4BE781}.AppStore|x64.Build.0 = Release|Any CPU
		{1895208B-48EB-4019-9F48-4D183C4BE781}.AppStore|x86.ActiveCfg = Release|Any CPU
		{1895208B-48EB-4019-9F48-4D183C4BE781}.AppStore|x86.Build.0 = Release|Any CPU
		{1895208B-48EB-4019-9F48-4D183C4BE781}.Debug|Any CPU.ActiveCfg = Debug|Any CPU
		{1895208B-48EB-4019-9F48-4D183C4BE781}.Debug|Any CPU.Build.0 = Debug|Any CPU
		{1895208B-48EB-4019-9F48-4D183C4BE781}.Debug|ARM.ActiveCfg = Debug|Any CPU
		{1895208B-48EB-4019-9F48-4D183C4BE781}.Debug|ARM.Build.0 = Debug|Any CPU
		{1895208B-48EB-4019-9F48-4D183C4BE781}.Debug|iPhone.ActiveCfg = Debug|Any CPU
		{1895208B-48EB-4019-9F48-4D183C4BE781}.Debug|iPhone.Build.0 = Debug|Any CPU
		{1895208B-48EB-4019-9F48-4D183C4BE781}.Debug|iPhoneSimulator.ActiveCfg = Debug|Any CPU
		{1895208B-48EB-4019-9F48-4D183C4BE781}.Debug|iPhoneSimulator.Build.0 = Debug|Any CPU
		{1895208B-48EB-4019-9F48-4D183C4BE781}.Debug|x64.ActiveCfg = Debug|Any CPU
		{1895208B-48EB-4019-9F48-4D183C4BE781}.Debug|x64.Build.0 = Debug|Any CPU
		{1895208B-48EB-4019-9F48-4D183C4BE781}.Debug|x86.ActiveCfg = Debug|Any CPU
		{1895208B-48EB-4019-9F48-4D183C4BE781}.Debug|x86.Build.0 = Debug|Any CPU
		{1895208B-48EB-4019-9F48-4D183C4BE781}.Release|Any CPU.ActiveCfg = Release|Any CPU
		{1895208B-48EB-4019-9F48-4D183C4BE781}.Release|Any CPU.Build.0 = Release|Any CPU
		{1895208B-48EB-4019-9F48-4D183C4BE781}.Release|ARM.ActiveCfg = Release|Any CPU
		{1895208B-48EB-4019-9F48-4D183C4BE781}.Release|ARM.Build.0 = Release|Any CPU
		{1895208B-48EB-4019-9F48-4D183C4BE781}.Release|iPhone.ActiveCfg = Release|Any CPU
		{1895208B-48EB-4019-9F48-4D183C4BE781}.Release|iPhone.Build.0 = Release|Any CPU
		{1895208B-48EB-4019-9F48-4D183C4BE781}.Release|iPhoneSimulator.ActiveCfg = Release|Any CPU
		{1895208B-48EB-4019-9F48-4D183C4BE781}.Release|iPhoneSimulator.Build.0 = Release|Any CPU
		{1895208B-48EB-4019-9F48-4D183C4BE781}.Release|x64.ActiveCfg = Release|Any CPU
		{1895208B-48EB-4019-9F48-4D183C4BE781}.Release|x64.Build.0 = Release|Any CPU
		{1895208B-48EB-4019-9F48-4D183C4BE781}.Release|x86.ActiveCfg = Release|Any CPU
		{1895208B-48EB-4019-9F48-4D183C4BE781}.Release|x86.Build.0 = Release|Any CPU
		{64D2563C-A3B1-4625-8822-CA1EB13ED678}.Ad-Hoc|Any CPU.ActiveCfg = Release|Any CPU
		{64D2563C-A3B1-4625-8822-CA1EB13ED678}.Ad-Hoc|Any CPU.Build.0 = Release|Any CPU
		{64D2563C-A3B1-4625-8822-CA1EB13ED678}.Ad-Hoc|Any CPU.Deploy.0 = Release|Any CPU
		{64D2563C-A3B1-4625-8822-CA1EB13ED678}.Ad-Hoc|ARM.ActiveCfg = Release|Any CPU
		{64D2563C-A3B1-4625-8822-CA1EB13ED678}.Ad-Hoc|ARM.Build.0 = Release|Any CPU
		{64D2563C-A3B1-4625-8822-CA1EB13ED678}.Ad-Hoc|ARM.Deploy.0 = Release|Any CPU
		{64D2563C-A3B1-4625-8822-CA1EB13ED678}.Ad-Hoc|iPhone.ActiveCfg = Release|Any CPU
		{64D2563C-A3B1-4625-8822-CA1EB13ED678}.Ad-Hoc|iPhone.Build.0 = Release|Any CPU
		{64D2563C-A3B1-4625-8822-CA1EB13ED678}.Ad-Hoc|iPhone.Deploy.0 = Release|Any CPU
		{64D2563C-A3B1-4625-8822-CA1EB13ED678}.Ad-Hoc|iPhoneSimulator.ActiveCfg = Release|Any CPU
		{64D2563C-A3B1-4625-8822-CA1EB13ED678}.Ad-Hoc|iPhoneSimulator.Build.0 = Release|Any CPU
		{64D2563C-A3B1-4625-8822-CA1EB13ED678}.Ad-Hoc|iPhoneSimulator.Deploy.0 = Release|Any CPU
		{64D2563C-A3B1-4625-8822-CA1EB13ED678}.Ad-Hoc|x64.ActiveCfg = Release|Any CPU
		{64D2563C-A3B1-4625-8822-CA1EB13ED678}.Ad-Hoc|x64.Build.0 = Release|Any CPU
		{64D2563C-A3B1-4625-8822-CA1EB13ED678}.Ad-Hoc|x64.Deploy.0 = Release|Any CPU
		{64D2563C-A3B1-4625-8822-CA1EB13ED678}.Ad-Hoc|x86.ActiveCfg = Release|Any CPU
		{64D2563C-A3B1-4625-8822-CA1EB13ED678}.Ad-Hoc|x86.Build.0 = Release|Any CPU
		{64D2563C-A3B1-4625-8822-CA1EB13ED678}.Ad-Hoc|x86.Deploy.0 = Release|Any CPU
		{64D2563C-A3B1-4625-8822-CA1EB13ED678}.AppStore|Any CPU.ActiveCfg = Release|Any CPU
		{64D2563C-A3B1-4625-8822-CA1EB13ED678}.AppStore|Any CPU.Build.0 = Release|Any CPU
		{64D2563C-A3B1-4625-8822-CA1EB13ED678}.AppStore|Any CPU.Deploy.0 = Release|Any CPU
		{64D2563C-A3B1-4625-8822-CA1EB13ED678}.AppStore|ARM.ActiveCfg = Release|Any CPU
		{64D2563C-A3B1-4625-8822-CA1EB13ED678}.AppStore|ARM.Build.0 = Release|Any CPU
		{64D2563C-A3B1-4625-8822-CA1EB13ED678}.AppStore|ARM.Deploy.0 = Release|Any CPU
		{64D2563C-A3B1-4625-8822-CA1EB13ED678}.AppStore|iPhone.ActiveCfg = Release|Any CPU
		{64D2563C-A3B1-4625-8822-CA1EB13ED678}.AppStore|iPhone.Build.0 = Release|Any CPU
		{64D2563C-A3B1-4625-8822-CA1EB13ED678}.AppStore|iPhone.Deploy.0 = Release|Any CPU
		{64D2563C-A3B1-4625-8822-CA1EB13ED678}.AppStore|iPhoneSimulator.ActiveCfg = Release|Any CPU
		{64D2563C-A3B1-4625-8822-CA1EB13ED678}.AppStore|iPhoneSimulator.Build.0 = Release|Any CPU
		{64D2563C-A3B1-4625-8822-CA1EB13ED678}.AppStore|iPhoneSimulator.Deploy.0 = Release|Any CPU
		{64D2563C-A3B1-4625-8822-CA1EB13ED678}.AppStore|x64.ActiveCfg = Release|Any CPU
		{64D2563C-A3B1-4625-8822-CA1EB13ED678}.AppStore|x64.Build.0 = Release|Any CPU
		{64D2563C-A3B1-4625-8822-CA1EB13ED678}.AppStore|x64.Deploy.0 = Release|Any CPU
		{64D2563C-A3B1-4625-8822-CA1EB13ED678}.AppStore|x86.ActiveCfg = Release|Any CPU
		{64D2563C-A3B1-4625-8822-CA1EB13ED678}.AppStore|x86.Build.0 = Release|Any CPU
		{64D2563C-A3B1-4625-8822-CA1EB13ED678}.AppStore|x86.Deploy.0 = Release|Any CPU
		{64D2563C-A3B1-4625-8822-CA1EB13ED678}.Debug|Any CPU.ActiveCfg = Debug|Any CPU
		{64D2563C-A3B1-4625-8822-CA1EB13ED678}.Debug|Any CPU.Build.0 = Debug|Any CPU
		{64D2563C-A3B1-4625-8822-CA1EB13ED678}.Debug|Any CPU.Deploy.0 = Debug|Any CPU
		{64D2563C-A3B1-4625-8822-CA1EB13ED678}.Debug|ARM.ActiveCfg = Debug|Any CPU
		{64D2563C-A3B1-4625-8822-CA1EB13ED678}.Debug|ARM.Build.0 = Debug|Any CPU
		{64D2563C-A3B1-4625-8822-CA1EB13ED678}.Debug|ARM.Deploy.0 = Debug|Any CPU
		{64D2563C-A3B1-4625-8822-CA1EB13ED678}.Debug|iPhone.ActiveCfg = Debug|Any CPU
		{64D2563C-A3B1-4625-8822-CA1EB13ED678}.Debug|iPhone.Build.0 = Debug|Any CPU
		{64D2563C-A3B1-4625-8822-CA1EB13ED678}.Debug|iPhone.Deploy.0 = Debug|Any CPU
		{64D2563C-A3B1-4625-8822-CA1EB13ED678}.Debug|iPhoneSimulator.ActiveCfg = Debug|Any CPU
		{64D2563C-A3B1-4625-8822-CA1EB13ED678}.Debug|iPhoneSimulator.Build.0 = Debug|Any CPU
		{64D2563C-A3B1-4625-8822-CA1EB13ED678}.Debug|iPhoneSimulator.Deploy.0 = Debug|Any CPU
		{64D2563C-A3B1-4625-8822-CA1EB13ED678}.Debug|x64.ActiveCfg = Debug|Any CPU
		{64D2563C-A3B1-4625-8822-CA1EB13ED678}.Debug|x64.Build.0 = Debug|Any CPU
		{64D2563C-A3B1-4625-8822-CA1EB13ED678}.Debug|x64.Deploy.0 = Debug|Any CPU
		{64D2563C-A3B1-4625-8822-CA1EB13ED678}.Debug|x86.ActiveCfg = Debug|Any CPU
		{64D2563C-A3B1-4625-8822-CA1EB13ED678}.Debug|x86.Build.0 = Debug|Any CPU
		{64D2563C-A3B1-4625-8822-CA1EB13ED678}.Debug|x86.Deploy.0 = Debug|Any CPU
		{64D2563C-A3B1-4625-8822-CA1EB13ED678}.Release|Any CPU.ActiveCfg = Release|Any CPU
		{64D2563C-A3B1-4625-8822-CA1EB13ED678}.Release|Any CPU.Build.0 = Release|Any CPU
		{64D2563C-A3B1-4625-8822-CA1EB13ED678}.Release|Any CPU.Deploy.0 = Release|Any CPU
		{64D2563C-A3B1-4625-8822-CA1EB13ED678}.Release|ARM.ActiveCfg = Release|Any CPU
		{64D2563C-A3B1-4625-8822-CA1EB13ED678}.Release|ARM.Build.0 = Release|Any CPU
		{64D2563C-A3B1-4625-8822-CA1EB13ED678}.Release|ARM.Deploy.0 = Release|Any CPU
		{64D2563C-A3B1-4625-8822-CA1EB13ED678}.Release|iPhone.ActiveCfg = Release|Any CPU
		{64D2563C-A3B1-4625-8822-CA1EB13ED678}.Release|iPhone.Build.0 = Release|Any CPU
		{64D2563C-A3B1-4625-8822-CA1EB13ED678}.Release|iPhone.Deploy.0 = Release|Any CPU
		{64D2563C-A3B1-4625-8822-CA1EB13ED678}.Release|iPhoneSimulator.ActiveCfg = Release|Any CPU
		{64D2563C-A3B1-4625-8822-CA1EB13ED678}.Release|iPhoneSimulator.Build.0 = Release|Any CPU
		{64D2563C-A3B1-4625-8822-CA1EB13ED678}.Release|iPhoneSimulator.Deploy.0 = Release|Any CPU
		{64D2563C-A3B1-4625-8822-CA1EB13ED678}.Release|x64.ActiveCfg = Release|Any CPU
		{64D2563C-A3B1-4625-8822-CA1EB13ED678}.Release|x64.Build.0 = Release|Any CPU
		{64D2563C-A3B1-4625-8822-CA1EB13ED678}.Release|x64.Deploy.0 = Release|Any CPU
		{64D2563C-A3B1-4625-8822-CA1EB13ED678}.Release|x86.ActiveCfg = Release|Any CPU
		{64D2563C-A3B1-4625-8822-CA1EB13ED678}.Release|x86.Build.0 = Release|Any CPU
		{64D2563C-A3B1-4625-8822-CA1EB13ED678}.Release|x86.Deploy.0 = Release|Any CPU
		{D6EFE701-3B55-4961-9343-FA5B17EA3243}.Ad-Hoc|Any CPU.ActiveCfg = Ad-Hoc|iPhone
		{D6EFE701-3B55-4961-9343-FA5B17EA3243}.Ad-Hoc|ARM.ActiveCfg = Ad-Hoc|iPhone
		{D6EFE701-3B55-4961-9343-FA5B17EA3243}.Ad-Hoc|iPhone.ActiveCfg = Ad-Hoc|iPhone
		{D6EFE701-3B55-4961-9343-FA5B17EA3243}.Ad-Hoc|iPhone.Build.0 = Ad-Hoc|iPhone
		{D6EFE701-3B55-4961-9343-FA5B17EA3243}.Ad-Hoc|iPhoneSimulator.ActiveCfg = Ad-Hoc|iPhoneSimulator
		{D6EFE701-3B55-4961-9343-FA5B17EA3243}.Ad-Hoc|iPhoneSimulator.Build.0 = Ad-Hoc|iPhoneSimulator
		{D6EFE701-3B55-4961-9343-FA5B17EA3243}.Ad-Hoc|x64.ActiveCfg = Ad-Hoc|iPhone
		{D6EFE701-3B55-4961-9343-FA5B17EA3243}.Ad-Hoc|x86.ActiveCfg = Ad-Hoc|iPhone
		{D6EFE701-3B55-4961-9343-FA5B17EA3243}.AppStore|Any CPU.ActiveCfg = AppStore|iPhone
		{D6EFE701-3B55-4961-9343-FA5B17EA3243}.AppStore|ARM.ActiveCfg = AppStore|iPhone
		{D6EFE701-3B55-4961-9343-FA5B17EA3243}.AppStore|iPhone.ActiveCfg = AppStore|iPhone
		{D6EFE701-3B55-4961-9343-FA5B17EA3243}.AppStore|iPhone.Build.0 = AppStore|iPhone
		{D6EFE701-3B55-4961-9343-FA5B17EA3243}.AppStore|iPhoneSimulator.ActiveCfg = AppStore|iPhoneSimulator
		{D6EFE701-3B55-4961-9343-FA5B17EA3243}.AppStore|iPhoneSimulator.Build.0 = AppStore|iPhoneSimulator
		{D6EFE701-3B55-4961-9343-FA5B17EA3243}.AppStore|x64.ActiveCfg = AppStore|iPhone
		{D6EFE701-3B55-4961-9343-FA5B17EA3243}.AppStore|x86.ActiveCfg = AppStore|iPhone
		{D6EFE701-3B55-4961-9343-FA5B17EA3243}.Debug|Any CPU.ActiveCfg = Debug|iPhone
		{D6EFE701-3B55-4961-9343-FA5B17EA3243}.Debug|ARM.ActiveCfg = Debug|iPhone
		{D6EFE701-3B55-4961-9343-FA5B17EA3243}.Debug|iPhone.ActiveCfg = Debug|iPhone
		{D6EFE701-3B55-4961-9343-FA5B17EA3243}.Debug|iPhone.Build.0 = Debug|iPhone
		{D6EFE701-3B55-4961-9343-FA5B17EA3243}.Debug|iPhoneSimulator.ActiveCfg = Debug|iPhoneSimulator
		{D6EFE701-3B55-4961-9343-FA5B17EA3243}.Debug|iPhoneSimulator.Build.0 = Debug|iPhoneSimulator
		{D6EFE701-3B55-4961-9343-FA5B17EA3243}.Debug|x64.ActiveCfg = Debug|iPhone
		{D6EFE701-3B55-4961-9343-FA5B17EA3243}.Debug|x86.ActiveCfg = Debug|iPhone
		{D6EFE701-3B55-4961-9343-FA5B17EA3243}.Release|Any CPU.ActiveCfg = Release|iPhone
		{D6EFE701-3B55-4961-9343-FA5B17EA3243}.Release|ARM.ActiveCfg = Release|iPhone
		{D6EFE701-3B55-4961-9343-FA5B17EA3243}.Release|iPhone.ActiveCfg = Release|iPhone
		{D6EFE701-3B55-4961-9343-FA5B17EA3243}.Release|iPhone.Build.0 = Release|iPhone
		{D6EFE701-3B55-4961-9343-FA5B17EA3243}.Release|iPhoneSimulator.ActiveCfg = Release|iPhoneSimulator
		{D6EFE701-3B55-4961-9343-FA5B17EA3243}.Release|iPhoneSimulator.Build.0 = Release|iPhoneSimulator
		{D6EFE701-3B55-4961-9343-FA5B17EA3243}.Release|x64.ActiveCfg = Release|iPhone
		{D6EFE701-3B55-4961-9343-FA5B17EA3243}.Release|x86.ActiveCfg = Release|iPhone
		{E8D93B6B-EB14-46D8-A9B2-1113A118FFBA}.Ad-Hoc|Any CPU.ActiveCfg = Release|Any CPU
		{E8D93B6B-EB14-46D8-A9B2-1113A118FFBA}.Ad-Hoc|Any CPU.Build.0 = Release|Any CPU
		{E8D93B6B-EB14-46D8-A9B2-1113A118FFBA}.Ad-Hoc|Any CPU.Deploy.0 = Release|Any CPU
		{E8D93B6B-EB14-46D8-A9B2-1113A118FFBA}.Ad-Hoc|ARM.ActiveCfg = Release|ARM
		{E8D93B6B-EB14-46D8-A9B2-1113A118FFBA}.Ad-Hoc|ARM.Build.0 = Release|ARM
		{E8D93B6B-EB14-46D8-A9B2-1113A118FFBA}.Ad-Hoc|ARM.Deploy.0 = Release|ARM
		{E8D93B6B-EB14-46D8-A9B2-1113A118FFBA}.Ad-Hoc|iPhone.ActiveCfg = Release|Any CPU
		{E8D93B6B-EB14-46D8-A9B2-1113A118FFBA}.Ad-Hoc|iPhone.Build.0 = Release|Any CPU
		{E8D93B6B-EB14-46D8-A9B2-1113A118FFBA}.Ad-Hoc|iPhone.Deploy.0 = Release|Any CPU
		{E8D93B6B-EB14-46D8-A9B2-1113A118FFBA}.Ad-Hoc|iPhoneSimulator.ActiveCfg = Release|Any CPU
		{E8D93B6B-EB14-46D8-A9B2-1113A118FFBA}.Ad-Hoc|iPhoneSimulator.Build.0 = Release|Any CPU
		{E8D93B6B-EB14-46D8-A9B2-1113A118FFBA}.Ad-Hoc|iPhoneSimulator.Deploy.0 = Release|Any CPU
		{E8D93B6B-EB14-46D8-A9B2-1113A118FFBA}.Ad-Hoc|x64.ActiveCfg = Release|Any CPU
		{E8D93B6B-EB14-46D8-A9B2-1113A118FFBA}.Ad-Hoc|x64.Build.0 = Release|Any CPU
		{E8D93B6B-EB14-46D8-A9B2-1113A118FFBA}.Ad-Hoc|x64.Deploy.0 = Release|Any CPU
		{E8D93B6B-EB14-46D8-A9B2-1113A118FFBA}.Ad-Hoc|x86.ActiveCfg = Release|x86
		{E8D93B6B-EB14-46D8-A9B2-1113A118FFBA}.Ad-Hoc|x86.Build.0 = Release|x86
		{E8D93B6B-EB14-46D8-A9B2-1113A118FFBA}.Ad-Hoc|x86.Deploy.0 = Release|x86
		{E8D93B6B-EB14-46D8-A9B2-1113A118FFBA}.AppStore|Any CPU.ActiveCfg = Release|Any CPU
		{E8D93B6B-EB14-46D8-A9B2-1113A118FFBA}.AppStore|Any CPU.Build.0 = Release|Any CPU
		{E8D93B6B-EB14-46D8-A9B2-1113A118FFBA}.AppStore|Any CPU.Deploy.0 = Release|Any CPU
		{E8D93B6B-EB14-46D8-A9B2-1113A118FFBA}.AppStore|ARM.ActiveCfg = Release|ARM
		{E8D93B6B-EB14-46D8-A9B2-1113A118FFBA}.AppStore|ARM.Build.0 = Release|ARM
		{E8D93B6B-EB14-46D8-A9B2-1113A118FFBA}.AppStore|ARM.Deploy.0 = Release|ARM
		{E8D93B6B-EB14-46D8-A9B2-1113A118FFBA}.AppStore|iPhone.ActiveCfg = Release|Any CPU
		{E8D93B6B-EB14-46D8-A9B2-1113A118FFBA}.AppStore|iPhone.Build.0 = Release|Any CPU
		{E8D93B6B-EB14-46D8-A9B2-1113A118FFBA}.AppStore|iPhone.Deploy.0 = Release|Any CPU
		{E8D93B6B-EB14-46D8-A9B2-1113A118FFBA}.AppStore|iPhoneSimulator.ActiveCfg = Release|Any CPU
		{E8D93B6B-EB14-46D8-A9B2-1113A118FFBA}.AppStore|iPhoneSimulator.Build.0 = Release|Any CPU
		{E8D93B6B-EB14-46D8-A9B2-1113A118FFBA}.AppStore|iPhoneSimulator.Deploy.0 = Release|Any CPU
		{E8D93B6B-EB14-46D8-A9B2-1113A118FFBA}.AppStore|x64.ActiveCfg = Release|Any CPU
		{E8D93B6B-EB14-46D8-A9B2-1113A118FFBA}.AppStore|x64.Build.0 = Release|Any CPU
		{E8D93B6B-EB14-46D8-A9B2-1113A118FFBA}.AppStore|x64.Deploy.0 = Release|Any CPU
		{E8D93B6B-EB14-46D8-A9B2-1113A118FFBA}.AppStore|x86.ActiveCfg = Release|x86
		{E8D93B6B-EB14-46D8-A9B2-1113A118FFBA}.AppStore|x86.Build.0 = Release|x86
		{E8D93B6B-EB14-46D8-A9B2-1113A118FFBA}.AppStore|x86.Deploy.0 = Release|x86
		{E8D93B6B-EB14-46D8-A9B2-1113A118FFBA}.Debug|Any CPU.ActiveCfg = Debug|Any CPU
		{E8D93B6B-EB14-46D8-A9B2-1113A118FFBA}.Debug|Any CPU.Build.0 = Debug|Any CPU
		{E8D93B6B-EB14-46D8-A9B2-1113A118FFBA}.Debug|Any CPU.Deploy.0 = Debug|Any CPU
		{E8D93B6B-EB14-46D8-A9B2-1113A118FFBA}.Debug|ARM.ActiveCfg = Debug|ARM
		{E8D93B6B-EB14-46D8-A9B2-1113A118FFBA}.Debug|ARM.Build.0 = Debug|ARM
		{E8D93B6B-EB14-46D8-A9B2-1113A118FFBA}.Debug|ARM.Deploy.0 = Debug|ARM
		{E8D93B6B-EB14-46D8-A9B2-1113A118FFBA}.Debug|iPhone.ActiveCfg = Debug|Any CPU
		{E8D93B6B-EB14-46D8-A9B2-1113A118FFBA}.Debug|iPhone.Build.0 = Debug|Any CPU
		{E8D93B6B-EB14-46D8-A9B2-1113A118FFBA}.Debug|iPhone.Deploy.0 = Debug|Any CPU
		{E8D93B6B-EB14-46D8-A9B2-1113A118FFBA}.Debug|iPhoneSimulator.ActiveCfg = Debug|Any CPU
		{E8D93B6B-EB14-46D8-A9B2-1113A118FFBA}.Debug|iPhoneSimulator.Build.0 = Debug|Any CPU
		{E8D93B6B-EB14-46D8-A9B2-1113A118FFBA}.Debug|iPhoneSimulator.Deploy.0 = Debug|Any CPU
		{E8D93B6B-EB14-46D8-A9B2-1113A118FFBA}.Debug|x64.ActiveCfg = Debug|Any CPU
		{E8D93B6B-EB14-46D8-A9B2-1113A118FFBA}.Debug|x64.Build.0 = Debug|Any CPU
		{E8D93B6B-EB14-46D8-A9B2-1113A118FFBA}.Debug|x64.Deploy.0 = Debug|Any CPU
		{E8D93B6B-EB14-46D8-A9B2-1113A118FFBA}.Debug|x86.ActiveCfg = Debug|x86
		{E8D93B6B-EB14-46D8-A9B2-1113A118FFBA}.Debug|x86.Build.0 = Debug|x86
		{E8D93B6B-EB14-46D8-A9B2-1113A118FFBA}.Debug|x86.Deploy.0 = Debug|x86
		{E8D93B6B-EB14-46D8-A9B2-1113A118FFBA}.Release|Any CPU.ActiveCfg = Release|Any CPU
		{E8D93B6B-EB14-46D8-A9B2-1113A118FFBA}.Release|Any CPU.Build.0 = Release|Any CPU
		{E8D93B6B-EB14-46D8-A9B2-1113A118FFBA}.Release|Any CPU.Deploy.0 = Release|Any CPU
		{E8D93B6B-EB14-46D8-A9B2-1113A118FFBA}.Release|ARM.ActiveCfg = Release|ARM
		{E8D93B6B-EB14-46D8-A9B2-1113A118FFBA}.Release|ARM.Build.0 = Release|ARM
		{E8D93B6B-EB14-46D8-A9B2-1113A118FFBA}.Release|ARM.Deploy.0 = Release|ARM
		{E8D93B6B-EB14-46D8-A9B2-1113A118FFBA}.Release|iPhone.ActiveCfg = Release|Any CPU
		{E8D93B6B-EB14-46D8-A9B2-1113A118FFBA}.Release|iPhone.Build.0 = Release|Any CPU
		{E8D93B6B-EB14-46D8-A9B2-1113A118FFBA}.Release|iPhone.Deploy.0 = Release|Any CPU
		{E8D93B6B-EB14-46D8-A9B2-1113A118FFBA}.Release|iPhoneSimulator.ActiveCfg = Release|Any CPU
		{E8D93B6B-EB14-46D8-A9B2-1113A118FFBA}.Release|iPhoneSimulator.Build.0 = Release|Any CPU
		{E8D93B6B-EB14-46D8-A9B2-1113A118FFBA}.Release|iPhoneSimulator.Deploy.0 = Release|Any CPU
		{E8D93B6B-EB14-46D8-A9B2-1113A118FFBA}.Release|x64.ActiveCfg = Release|Any CPU
		{E8D93B6B-EB14-46D8-A9B2-1113A118FFBA}.Release|x64.Build.0 = Release|Any CPU
		{E8D93B6B-EB14-46D8-A9B2-1113A118FFBA}.Release|x64.Deploy.0 = Release|Any CPU
		{E8D93B6B-EB14-46D8-A9B2-1113A118FFBA}.Release|x86.ActiveCfg = Release|x86
		{E8D93B6B-EB14-46D8-A9B2-1113A118FFBA}.Release|x86.Build.0 = Release|x86
		{E8D93B6B-EB14-46D8-A9B2-1113A118FFBA}.Release|x86.Deploy.0 = Release|x86
		{AA2560E8-A5F6-4C68-9B41-125DAE9981A0}.Ad-Hoc|Any CPU.ActiveCfg = Release|Any CPU
		{AA2560E8-A5F6-4C68-9B41-125DAE9981A0}.Ad-Hoc|Any CPU.Build.0 = Release|Any CPU
		{AA2560E8-A5F6-4C68-9B41-125DAE9981A0}.Ad-Hoc|Any CPU.Deploy.0 = Release|Any CPU
		{AA2560E8-A5F6-4C68-9B41-125DAE9981A0}.Ad-Hoc|ARM.ActiveCfg = Release|ARM
		{AA2560E8-A5F6-4C68-9B41-125DAE9981A0}.Ad-Hoc|ARM.Build.0 = Release|ARM
		{AA2560E8-A5F6-4C68-9B41-125DAE9981A0}.Ad-Hoc|ARM.Deploy.0 = Release|ARM
		{AA2560E8-A5F6-4C68-9B41-125DAE9981A0}.Ad-Hoc|iPhone.ActiveCfg = Release|Any CPU
		{AA2560E8-A5F6-4C68-9B41-125DAE9981A0}.Ad-Hoc|iPhone.Build.0 = Release|Any CPU
		{AA2560E8-A5F6-4C68-9B41-125DAE9981A0}.Ad-Hoc|iPhone.Deploy.0 = Release|Any CPU
		{AA2560E8-A5F6-4C68-9B41-125DAE9981A0}.Ad-Hoc|iPhoneSimulator.ActiveCfg = Release|Any CPU
		{AA2560E8-A5F6-4C68-9B41-125DAE9981A0}.Ad-Hoc|iPhoneSimulator.Build.0 = Release|Any CPU
		{AA2560E8-A5F6-4C68-9B41-125DAE9981A0}.Ad-Hoc|iPhoneSimulator.Deploy.0 = Release|Any CPU
		{AA2560E8-A5F6-4C68-9B41-125DAE9981A0}.Ad-Hoc|x64.ActiveCfg = Release|x64
		{AA2560E8-A5F6-4C68-9B41-125DAE9981A0}.Ad-Hoc|x64.Build.0 = Release|x64
		{AA2560E8-A5F6-4C68-9B41-125DAE9981A0}.Ad-Hoc|x64.Deploy.0 = Release|x64
		{AA2560E8-A5F6-4C68-9B41-125DAE9981A0}.Ad-Hoc|x86.ActiveCfg = Release|x86
		{AA2560E8-A5F6-4C68-9B41-125DAE9981A0}.Ad-Hoc|x86.Build.0 = Release|x86
		{AA2560E8-A5F6-4C68-9B41-125DAE9981A0}.Ad-Hoc|x86.Deploy.0 = Release|x86
		{AA2560E8-A5F6-4C68-9B41-125DAE9981A0}.AppStore|Any CPU.ActiveCfg = Release|Any CPU
		{AA2560E8-A5F6-4C68-9B41-125DAE9981A0}.AppStore|Any CPU.Build.0 = Release|Any CPU
		{AA2560E8-A5F6-4C68-9B41-125DAE9981A0}.AppStore|Any CPU.Deploy.0 = Release|Any CPU
		{AA2560E8-A5F6-4C68-9B41-125DAE9981A0}.AppStore|ARM.ActiveCfg = Release|ARM
		{AA2560E8-A5F6-4C68-9B41-125DAE9981A0}.AppStore|ARM.Build.0 = Release|ARM
		{AA2560E8-A5F6-4C68-9B41-125DAE9981A0}.AppStore|ARM.Deploy.0 = Release|ARM
		{AA2560E8-A5F6-4C68-9B41-125DAE9981A0}.AppStore|iPhone.ActiveCfg = Release|Any CPU
		{AA2560E8-A5F6-4C68-9B41-125DAE9981A0}.AppStore|iPhone.Build.0 = Release|Any CPU
		{AA2560E8-A5F6-4C68-9B41-125DAE9981A0}.AppStore|iPhone.Deploy.0 = Release|Any CPU
		{AA2560E8-A5F6-4C68-9B41-125DAE9981A0}.AppStore|iPhoneSimulator.ActiveCfg = Release|Any CPU
		{AA2560E8-A5F6-4C68-9B41-125DAE9981A0}.AppStore|iPhoneSimulator.Build.0 = Release|Any CPU
		{AA2560E8-A5F6-4C68-9B41-125DAE9981A0}.AppStore|iPhoneSimulator.Deploy.0 = Release|Any CPU
		{AA2560E8-A5F6-4C68-9B41-125DAE9981A0}.AppStore|x64.ActiveCfg = Release|x64
		{AA2560E8-A5F6-4C68-9B41-125DAE9981A0}.AppStore|x64.Build.0 = Release|x64
		{AA2560E8-A5F6-4C68-9B41-125DAE9981A0}.AppStore|x64.Deploy.0 = Release|x64
		{AA2560E8-A5F6-4C68-9B41-125DAE9981A0}.AppStore|x86.ActiveCfg = Release|x86
		{AA2560E8-A5F6-4C68-9B41-125DAE9981A0}.AppStore|x86.Build.0 = Release|x86
		{AA2560E8-A5F6-4C68-9B41-125DAE9981A0}.AppStore|x86.Deploy.0 = Release|x86
		{AA2560E8-A5F6-4C68-9B41-125DAE9981A0}.Debug|Any CPU.ActiveCfg = Debug|Any CPU
		{AA2560E8-A5F6-4C68-9B41-125DAE9981A0}.Debug|Any CPU.Build.0 = Debug|Any CPU
		{AA2560E8-A5F6-4C68-9B41-125DAE9981A0}.Debug|Any CPU.Deploy.0 = Debug|Any CPU
		{AA2560E8-A5F6-4C68-9B41-125DAE9981A0}.Debug|ARM.ActiveCfg = Debug|ARM
		{AA2560E8-A5F6-4C68-9B41-125DAE9981A0}.Debug|ARM.Build.0 = Debug|ARM
		{AA2560E8-A5F6-4C68-9B41-125DAE9981A0}.Debug|ARM.Deploy.0 = Debug|ARM
		{AA2560E8-A5F6-4C68-9B41-125DAE9981A0}.Debug|iPhone.ActiveCfg = Debug|Any CPU
		{AA2560E8-A5F6-4C68-9B41-125DAE9981A0}.Debug|iPhone.Build.0 = Debug|Any CPU
		{AA2560E8-A5F6-4C68-9B41-125DAE9981A0}.Debug|iPhone.Deploy.0 = Debug|Any CPU
		{AA2560E8-A5F6-4C68-9B41-125DAE9981A0}.Debug|iPhoneSimulator.ActiveCfg = Debug|Any CPU
		{AA2560E8-A5F6-4C68-9B41-125DAE9981A0}.Debug|iPhoneSimulator.Build.0 = Debug|Any CPU
		{AA2560E8-A5F6-4C68-9B41-125DAE9981A0}.Debug|iPhoneSimulator.Deploy.0 = Debug|Any CPU
		{AA2560E8-A5F6-4C68-9B41-125DAE9981A0}.Debug|x64.ActiveCfg = Debug|x64
		{AA2560E8-A5F6-4C68-9B41-125DAE9981A0}.Debug|x64.Build.0 = Debug|x64
		{AA2560E8-A5F6-4C68-9B41-125DAE9981A0}.Debug|x64.Deploy.0 = Debug|x64
		{AA2560E8-A5F6-4C68-9B41-125DAE9981A0}.Debug|x86.ActiveCfg = Debug|x86
		{AA2560E8-A5F6-4C68-9B41-125DAE9981A0}.Debug|x86.Build.0 = Debug|x86
		{AA2560E8-A5F6-4C68-9B41-125DAE9981A0}.Debug|x86.Deploy.0 = Debug|x86
		{AA2560E8-A5F6-4C68-9B41-125DAE9981A0}.Release|Any CPU.ActiveCfg = Release|Any CPU
		{AA2560E8-A5F6-4C68-9B41-125DAE9981A0}.Release|Any CPU.Build.0 = Release|Any CPU
		{AA2560E8-A5F6-4C68-9B41-125DAE9981A0}.Release|Any CPU.Deploy.0 = Release|Any CPU
		{AA2560E8-A5F6-4C68-9B41-125DAE9981A0}.Release|ARM.ActiveCfg = Release|ARM
		{AA2560E8-A5F6-4C68-9B41-125DAE9981A0}.Release|ARM.Build.0 = Release|ARM
		{AA2560E8-A5F6-4C68-9B41-125DAE9981A0}.Release|ARM.Deploy.0 = Release|ARM
		{AA2560E8-A5F6-4C68-9B41-125DAE9981A0}.Release|iPhone.ActiveCfg = Release|Any CPU
		{AA2560E8-A5F6-4C68-9B41-125DAE9981A0}.Release|iPhone.Build.0 = Release|Any CPU
		{AA2560E8-A5F6-4C68-9B41-125DAE9981A0}.Release|iPhone.Deploy.0 = Release|Any CPU
		{AA2560E8-A5F6-4C68-9B41-125DAE9981A0}.Release|iPhoneSimulator.ActiveCfg = Release|Any CPU
		{AA2560E8-A5F6-4C68-9B41-125DAE9981A0}.Release|iPhoneSimulator.Build.0 = Release|Any CPU
		{AA2560E8-A5F6-4C68-9B41-125DAE9981A0}.Release|iPhoneSimulator.Deploy.0 = Release|Any CPU
		{AA2560E8-A5F6-4C68-9B41-125DAE9981A0}.Release|x64.ActiveCfg = Release|x64
		{AA2560E8-A5F6-4C68-9B41-125DAE9981A0}.Release|x64.Build.0 = Release|x64
		{AA2560E8-A5F6-4C68-9B41-125DAE9981A0}.Release|x64.Deploy.0 = Release|x64
		{AA2560E8-A5F6-4C68-9B41-125DAE9981A0}.Release|x86.ActiveCfg = Release|x86
		{AA2560E8-A5F6-4C68-9B41-125DAE9981A0}.Release|x86.Build.0 = Release|x86
		{AA2560E8-A5F6-4C68-9B41-125DAE9981A0}.Release|x86.Deploy.0 = Release|x86
	EndGlobalSection
	GlobalSection(SolutionProperties) = preSolution
		HideSolutionNode = FALSE
	EndGlobalSection
EndGlobal
