
Microsoft Visual Studio Solution File, Format Version 12.00
# Visual Studio 14
VisualStudioVersion = 14.0.25420.1
MinimumVisualStudioVersion = 10.0.40219.1
Project("{FAE04EC0-301F-11D3-BF4B-00C04F79EFBC}") = "Fabrikam", "Fabrikam\Fabrikam\Fabrikam.csproj", "{0AA913AF-DF85-4F43-BA1B-9DDEE178F486}"
EndProject
Project("{FAE04EC0-301F-11D3-BF4B-00C04F79EFBC}") = "Fabrikam.Droid", "Fabrikam\Fabrikam.Droid\Fabrikam.Droid.csproj", "{D3CE9C9B-701B-4978-8D80-6AF836E49101}"
EndProject
Project("{FAE04EC0-301F-11D3-BF4B-00C04F79EFBC}") = "Fabrikam.iOS", "Fabrikam\Fabrikam.iOS\Fabrikam.iOS.csproj", "{69C09DBA-88CA-4726-A0EF-44AA1EE997CF}"
EndProject
Project("{FAE04EC0-301F-11D3-BF4B-00C04F79EFBC}") = "Fabrikam.WinPhone", "Fabrikam\Fabrikam.WinPhone\Fabrikam.WinPhone.csproj", "{8B90A880-ED89-434E-B171-E59537DE233E}"
EndProject
Project("{FAE04EC0-301F-11D3-BF4B-00C04F79EFBC}") = "Fabrikam.Windows", "Fabrikam\Fabrikam.Windows\Fabrikam.Windows.csproj", "{72062EBB-E665-4EA8-94FC-66EDE01871B8}"
EndProject
Global
	GlobalSection(SolutionConfigurationPlatforms) = preSolution
		Ad-Hoc|Any CPU = Ad-Hoc|Any CPU
		Ad-Hoc|ARM = Ad-Hoc|ARM
		Ad-Hoc|iPhone = Ad-Hoc|iPhone
		Ad-Hoc|iPhoneSimulator = Ad-Hoc|iPhoneSimulator
		Ad-Hoc|x64 = Ad-Hoc|x64
		Ad-Hoc|x86 = Ad-Hoc|x86
		AppStore|Any CPU = AppStore|Any CPU
		AppStore|ARM = AppStore|ARM
		AppStore|iPhone = AppStore|iPhone
		AppStore|iPhoneSimulator = AppStore|iPhoneSimulator
		AppStore|x64 = AppStore|x64
		AppStore|x86 = AppStore|x86
		Debug|Any CPU = Debug|Any CPU
		Debug|ARM = Debug|ARM
		Debug|iPhone = Debug|iPhone
		Debug|iPhoneSimulator = Debug|iPhoneSimulator
		Debug|x64 = Debug|x64
		Debug|x86 = Debug|x86
		Release|Any CPU = Release|Any CPU
		Release|ARM = Release|ARM
		Release|iPhone = Release|iPhone
		Release|iPhoneSimulator = Release|iPhoneSimulator
		Release|x64 = Release|x64
		Release|x86 = Release|x86
	EndGlobalSection
	GlobalSection(ProjectConfigurationPlatforms) = postSolution
		{0AA913AF-DF85-4F43-BA1B-9DDEE178F486}.Ad-Hoc|Any CPU.ActiveCfg = Release|Any CPU
		{0AA913AF-DF85-4F43-BA1B-9DDEE178F486}.Ad-Hoc|Any CPU.Build.0 = Release|Any CPU
		{0AA913AF-DF85-4F43-BA1B-9DDEE178F486}.Ad-Hoc|ARM.ActiveCfg = Release|Any CPU
		{0AA913AF-DF85-4F43-BA1B-9DDEE178F486}.Ad-Hoc|ARM.Build.0 = Release|Any CPU
		{0AA913AF-DF85-4F43-BA1B-9DDEE178F486}.Ad-Hoc|iPhone.ActiveCfg = Release|Any CPU
		{0AA913AF-DF85-4F43-BA1B-9DDEE178F486}.Ad-Hoc|iPhone.Build.0 = Release|Any CPU
		{0AA913AF-DF85-4F43-BA1B-9DDEE178F486}.Ad-Hoc|iPhoneSimulator.ActiveCfg = Release|Any CPU
		{0AA913AF-DF85-4F43-BA1B-9DDEE178F486}.Ad-Hoc|iPhoneSimulator.Build.0 = Release|Any CPU
		{0AA913AF-DF85-4F43-BA1B-9DDEE178F486}.Ad-Hoc|x64.ActiveCfg = Release|Any CPU
		{0AA913AF-DF85-4F43-BA1B-9DDEE178F486}.Ad-Hoc|x64.Build.0 = Release|Any CPU
		{0AA913AF-DF85-4F43-BA1B-9DDEE178F486}.Ad-Hoc|x86.ActiveCfg = Release|Any CPU
		{0AA913AF-DF85-4F43-BA1B-9DDEE178F486}.Ad-Hoc|x86.Build.0 = Release|Any CPU
		{0AA913AF-DF85-4F43-BA1B-9DDEE178F486}.AppStore|Any CPU.ActiveCfg = Release|Any CPU
		{0AA913AF-DF85-4F43-BA1B-9DDEE178F486}.AppStore|Any CPU.Build.0 = Release|Any CPU
		{0AA913AF-DF85-4F43-BA1B-9DDEE178F486}.AppStore|ARM.ActiveCfg = Release|Any CPU
		{0AA913AF-DF85-4F43-BA1B-9DDEE178F486}.AppStore|ARM.Build.0 = Release|Any CPU
		{0AA913AF-DF85-4F43-BA1B-9DDEE178F486}.AppStore|iPhone.ActiveCfg = Release|Any CPU
		{0AA913AF-DF85-4F43-BA1B-9DDEE178F486}.AppStore|iPhone.Build.0 = Release|Any CPU
		{0AA913AF-DF85-4F43-BA1B-9DDEE178F486}.AppStore|iPhoneSimulator.ActiveCfg = Release|Any CPU
		{0AA913AF-DF85-4F43-BA1B-9DDEE178F486}.AppStore|iPhoneSimulator.Build.0 = Release|Any CPU
		{0AA913AF-DF85-4F43-BA1B-9DDEE178F486}.AppStore|x64.ActiveCfg = Release|Any CPU
		{0AA913AF-DF85-4F43-BA1B-9DDEE178F486}.AppStore|x64.Build.0 = Release|Any CPU
		{0AA913AF-DF85-4F43-BA1B-9DDEE178F486}.AppStore|x86.ActiveCfg = Release|Any CPU
		{0AA913AF-DF85-4F43-BA1B-9DDEE178F486}.AppStore|x86.Build.0 = Release|Any CPU
		{0AA913AF-DF85-4F43-BA1B-9DDEE178F486}.Debug|Any CPU.ActiveCfg = Debug|Any CPU
		{0AA913AF-DF85-4F43-BA1B-9DDEE178F486}.Debug|Any CPU.Build.0 = Debug|Any CPU
		{0AA913AF-DF85-4F43-BA1B-9DDEE178F486}.Debug|ARM.ActiveCfg = Debug|Any CPU
		{0AA913AF-DF85-4F43-BA1B-9DDEE178F486}.Debug|ARM.Build.0 = Debug|Any CPU
		{0AA913AF-DF85-4F43-BA1B-9DDEE178F486}.Debug|iPhone.ActiveCfg = Debug|Any CPU
		{0AA913AF-DF85-4F43-BA1B-9DDEE178F486}.Debug|iPhone.Build.0 = Debug|Any CPU
		{0AA913AF-DF85-4F43-BA1B-9DDEE178F486}.Debug|iPhoneSimulator.ActiveCfg = Debug|Any CPU
		{0AA913AF-DF85-4F43-BA1B-9DDEE178F486}.Debug|iPhoneSimulator.Build.0 = Debug|Any CPU
		{0AA913AF-DF85-4F43-BA1B-9DDEE178F486}.Debug|x64.ActiveCfg = Debug|Any CPU
		{0AA913AF-DF85-4F43-BA1B-9DDEE178F486}.Debug|x64.Build.0 = Debug|Any CPU
		{0AA913AF-DF85-4F43-BA1B-9DDEE178F486}.Debug|x86.ActiveCfg = Debug|Any CPU
		{0AA913AF-DF85-4F43-BA1B-9DDEE178F486}.Debug|x86.Build.0 = Debug|Any CPU
		{0AA913AF-DF85-4F43-BA1B-9DDEE178F486}.Release|Any CPU.ActiveCfg = Release|Any CPU
		{0AA913AF-DF85-4F43-BA1B-9DDEE178F486}.Release|Any CPU.Build.0 = Release|Any CPU
		{0AA913AF-DF85-4F43-BA1B-9DDEE178F486}.Release|ARM.ActiveCfg = Release|Any CPU
		{0AA913AF-DF85-4F43-BA1B-9DDEE178F486}.Release|ARM.Build.0 = Release|Any CPU
		{0AA913AF-DF85-4F43-BA1B-9DDEE178F486}.Release|iPhone.ActiveCfg = Release|Any CPU
		{0AA913AF-DF85-4F43-BA1B-9DDEE178F486}.Release|iPhone.Build.0 = Release|Any CPU
		{0AA913AF-DF85-4F43-BA1B-9DDEE178F486}.Release|iPhoneSimulator.ActiveCfg = Release|Any CPU
		{0AA913AF-DF85-4F43-BA1B-9DDEE178F486}.Release|iPhoneSimulator.Build.0 = Release|Any CPU
		{0AA913AF-DF85-4F43-BA1B-9DDEE178F486}.Release|x64.ActiveCfg = Release|Any CPU
		{0AA913AF-DF85-4F43-BA1B-9DDEE178F486}.Release|x64.Build.0 = Release|Any CPU
		{0AA913AF-DF85-4F43-BA1B-9DDEE178F486}.Release|x86.ActiveCfg = Release|Any CPU
		{0AA913AF-DF85-4F43-BA1B-9DDEE178F486}.Release|x86.Build.0 = Release|Any CPU
		{D3CE9C9B-701B-4978-8D80-6AF836E49101}.Ad-Hoc|Any CPU.ActiveCfg = Release|Any CPU
		{D3CE9C9B-701B-4978-8D80-6AF836E49101}.Ad-Hoc|Any CPU.Build.0 = Release|Any CPU
		{D3CE9C9B-701B-4978-8D80-6AF836E49101}.Ad-Hoc|Any CPU.Deploy.0 = Release|Any CPU
		{D3CE9C9B-701B-4978-8D80-6AF836E49101}.Ad-Hoc|ARM.ActiveCfg = Release|Any CPU
		{D3CE9C9B-701B-4978-8D80-6AF836E49101}.Ad-Hoc|ARM.Build.0 = Release|Any CPU
		{D3CE9C9B-701B-4978-8D80-6AF836E49101}.Ad-Hoc|ARM.Deploy.0 = Release|Any CPU
		{D3CE9C9B-701B-4978-8D80-6AF836E49101}.Ad-Hoc|iPhone.ActiveCfg = Release|Any CPU
		{D3CE9C9B-701B-4978-8D80-6AF836E49101}.Ad-Hoc|iPhone.Build.0 = Release|Any CPU
		{D3CE9C9B-701B-4978-8D80-6AF836E49101}.Ad-Hoc|iPhone.Deploy.0 = Release|Any CPU
		{D3CE9C9B-701B-4978-8D80-6AF836E49101}.Ad-Hoc|iPhoneSimulator.ActiveCfg = Release|Any CPU
		{D3CE9C9B-701B-4978-8D80-6AF836E49101}.Ad-Hoc|iPhoneSimulator.Build.0 = Release|Any CPU
		{D3CE9C9B-701B-4978-8D80-6AF836E49101}.Ad-Hoc|iPhoneSimulator.Deploy.0 = Release|Any CPU
		{D3CE9C9B-701B-4978-8D80-6AF836E49101}.Ad-Hoc|x64.ActiveCfg = Release|Any CPU
		{D3CE9C9B-701B-4978-8D80-6AF836E49101}.Ad-Hoc|x64.Build.0 = Release|Any CPU
		{D3CE9C9B-701B-4978-8D80-6AF836E49101}.Ad-Hoc|x64.Deploy.0 = Release|Any CPU
		{D3CE9C9B-701B-4978-8D80-6AF836E49101}.Ad-Hoc|x86.ActiveCfg = Release|Any CPU
		{D3CE9C9B-701B-4978-8D80-6AF836E49101}.Ad-Hoc|x86.Build.0 = Release|Any CPU
		{D3CE9C9B-701B-4978-8D80-6AF836E49101}.Ad-Hoc|x86.Deploy.0 = Release|Any CPU
		{D3CE9C9B-701B-4978-8D80-6AF836E49101}.AppStore|Any CPU.ActiveCfg = Release|Any CPU
		{D3CE9C9B-701B-4978-8D80-6AF836E49101}.AppStore|Any CPU.Build.0 = Release|Any CPU
		{D3CE9C9B-701B-4978-8D80-6AF836E49101}.AppStore|Any CPU.Deploy.0 = Release|Any CPU
		{D3CE9C9B-701B-4978-8D80-6AF836E49101}.AppStore|ARM.ActiveCfg = Release|Any CPU
		{D3CE9C9B-701B-4978-8D80-6AF836E49101}.AppStore|ARM.Build.0 = Release|Any CPU
		{D3CE9C9B-701B-4978-8D80-6AF836E49101}.AppStore|ARM.Deploy.0 = Release|Any CPU
		{D3CE9C9B-701B-4978-8D80-6AF836E49101}.AppStore|iPhone.ActiveCfg = Release|Any CPU
		{D3CE9C9B-701B-4978-8D80-6AF836E49101}.AppStore|iPhone.Build.0 = Release|Any CPU
		{D3CE9C9B-701B-4978-8D80-6AF836E49101}.AppStore|iPhone.Deploy.0 = Release|Any CPU
		{D3CE9C9B-701B-4978-8D80-6AF836E49101}.AppStore|iPhoneSimulator.ActiveCfg = Release|Any CPU
		{D3CE9C9B-701B-4978-8D80-6AF836E49101}.AppStore|iPhoneSimulator.Build.0 = Release|Any CPU
		{D3CE9C9B-701B-4978-8D80-6AF836E49101}.AppStore|iPhoneSimulator.Deploy.0 = Release|Any CPU
		{D3CE9C9B-701B-4978-8D80-6AF836E49101}.AppStore|x64.ActiveCfg = Release|Any CPU
		{D3CE9C9B-701B-4978-8D80-6AF836E49101}.AppStore|x64.Build.0 = Release|Any CPU
		{D3CE9C9B-701B-4978-8D80-6AF836E49101}.AppStore|x64.Deploy.0 = Release|Any CPU
		{D3CE9C9B-701B-4978-8D80-6AF836E49101}.AppStore|x86.ActiveCfg = Release|Any CPU
		{D3CE9C9B-701B-4978-8D80-6AF836E49101}.AppStore|x86.Build.0 = Release|Any CPU
		{D3CE9C9B-701B-4978-8D80-6AF836E49101}.AppStore|x86.Deploy.0 = Release|Any CPU
		{D3CE9C9B-701B-4978-8D80-6AF836E49101}.Debug|Any CPU.ActiveCfg = Debug|Any CPU
		{D3CE9C9B-701B-4978-8D80-6AF836E49101}.Debug|Any CPU.Build.0 = Debug|Any CPU
		{D3CE9C9B-701B-4978-8D80-6AF836E49101}.Debug|Any CPU.Deploy.0 = Debug|Any CPU
		{D3CE9C9B-701B-4978-8D80-6AF836E49101}.Debug|ARM.ActiveCfg = Debug|Any CPU
		{D3CE9C9B-701B-4978-8D80-6AF836E49101}.Debug|ARM.Build.0 = Debug|Any CPU
		{D3CE9C9B-701B-4978-8D80-6AF836E49101}.Debug|ARM.Deploy.0 = Debug|Any CPU
		{D3CE9C9B-701B-4978-8D80-6AF836E49101}.Debug|iPhone.ActiveCfg = Debug|Any CPU
		{D3CE9C9B-701B-4978-8D80-6AF836E49101}.Debug|iPhone.Build.0 = Debug|Any CPU
		{D3CE9C9B-701B-4978-8D80-6AF836E49101}.Debug|iPhone.Deploy.0 = Debug|Any CPU
		{D3CE9C9B-701B-4978-8D80-6AF836E49101}.Debug|iPhoneSimulator.ActiveCfg = Debug|Any CPU
		{D3CE9C9B-701B-4978-8D80-6AF836E49101}.Debug|iPhoneSimulator.Build.0 = Debug|Any CPU
		{D3CE9C9B-701B-4978-8D80-6AF836E49101}.Debug|iPhoneSimulator.Deploy.0 = Debug|Any CPU
		{D3CE9C9B-701B-4978-8D80-6AF836E49101}.Debug|x64.ActiveCfg = Debug|Any CPU
		{D3CE9C9B-701B-4978-8D80-6AF836E49101}.Debug|x64.Build.0 = Debug|Any CPU
		{D3CE9C9B-701B-4978-8D80-6AF836E49101}.Debug|x64.Deploy.0 = Debug|Any CPU
		{D3CE9C9B-701B-4978-8D80-6AF836E49101}.Debug|x86.ActiveCfg = Debug|Any CPU
		{D3CE9C9B-701B-4978-8D80-6AF836E49101}.Debug|x86.Build.0 = Debug|Any CPU
		{D3CE9C9B-701B-4978-8D80-6AF836E49101}.Debug|x86.Deploy.0 = Debug|Any CPU
		{D3CE9C9B-701B-4978-8D80-6AF836E49101}.Release|Any CPU.ActiveCfg = Release|Any CPU
		{D3CE9C9B-701B-4978-8D80-6AF836E49101}.Release|Any CPU.Build.0 = Release|Any CPU
		{D3CE9C9B-701B-4978-8D80-6AF836E49101}.Release|Any CPU.Deploy.0 = Release|Any CPU
		{D3CE9C9B-701B-4978-8D80-6AF836E49101}.Release|ARM.ActiveCfg = Release|Any CPU
		{D3CE9C9B-701B-4978-8D80-6AF836E49101}.Release|ARM.Build.0 = Release|Any CPU
		{D3CE9C9B-701B-4978-8D80-6AF836E49101}.Release|ARM.Deploy.0 = Release|Any CPU
		{D3CE9C9B-701B-4978-8D80-6AF836E49101}.Release|iPhone.ActiveCfg = Release|Any CPU
		{D3CE9C9B-701B-4978-8D80-6AF836E49101}.Release|iPhone.Build.0 = Release|Any CPU
		{D3CE9C9B-701B-4978-8D80-6AF836E49101}.Release|iPhone.Deploy.0 = Release|Any CPU
		{D3CE9C9B-701B-4978-8D80-6AF836E49101}.Release|iPhoneSimulator.ActiveCfg = Release|Any CPU
		{D3CE9C9B-701B-4978-8D80-6AF836E49101}.Release|iPhoneSimulator.Build.0 = Release|Any CPU
		{D3CE9C9B-701B-4978-8D80-6AF836E49101}.Release|iPhoneSimulator.Deploy.0 = Release|Any CPU
		{D3CE9C9B-701B-4978-8D80-6AF836E49101}.Release|x64.ActiveCfg = Release|Any CPU
		{D3CE9C9B-701B-4978-8D80-6AF836E49101}.Release|x64.Build.0 = Release|Any CPU
		{D3CE9C9B-701B-4978-8D80-6AF836E49101}.Release|x64.Deploy.0 = Release|Any CPU
		{D3CE9C9B-701B-4978-8D80-6AF836E49101}.Release|x86.ActiveCfg = Release|Any CPU
		{D3CE9C9B-701B-4978-8D80-6AF836E49101}.Release|x86.Build.0 = Release|Any CPU
		{D3CE9C9B-701B-4978-8D80-6AF836E49101}.Release|x86.Deploy.0 = Release|Any CPU
		{69C09DBA-88CA-4726-A0EF-44AA1EE997CF}.Ad-Hoc|Any CPU.ActiveCfg = Ad-Hoc|iPhone
		{69C09DBA-88CA-4726-A0EF-44AA1EE997CF}.Ad-Hoc|ARM.ActiveCfg = Ad-Hoc|iPhone
		{69C09DBA-88CA-4726-A0EF-44AA1EE997CF}.Ad-Hoc|iPhone.ActiveCfg = Ad-Hoc|iPhone
		{69C09DBA-88CA-4726-A0EF-44AA1EE997CF}.Ad-Hoc|iPhone.Build.0 = Ad-Hoc|iPhone
		{69C09DBA-88CA-4726-A0EF-44AA1EE997CF}.Ad-Hoc|iPhoneSimulator.ActiveCfg = Ad-Hoc|iPhoneSimulator
		{69C09DBA-88CA-4726-A0EF-44AA1EE997CF}.Ad-Hoc|iPhoneSimulator.Build.0 = Ad-Hoc|iPhoneSimulator
		{69C09DBA-88CA-4726-A0EF-44AA1EE997CF}.Ad-Hoc|x64.ActiveCfg = Ad-Hoc|iPhone
		{69C09DBA-88CA-4726-A0EF-44AA1EE997CF}.Ad-Hoc|x86.ActiveCfg = Ad-Hoc|iPhone
		{69C09DBA-88CA-4726-A0EF-44AA1EE997CF}.AppStore|Any CPU.ActiveCfg = AppStore|iPhone
		{69C09DBA-88CA-4726-A0EF-44AA1EE997CF}.AppStore|ARM.ActiveCfg = AppStore|iPhone
		{69C09DBA-88CA-4726-A0EF-44AA1EE997CF}.AppStore|iPhone.ActiveCfg = AppStore|iPhone
		{69C09DBA-88CA-4726-A0EF-44AA1EE997CF}.AppStore|iPhone.Build.0 = AppStore|iPhone
		{69C09DBA-88CA-4726-A0EF-44AA1EE997CF}.AppStore|iPhoneSimulator.ActiveCfg = AppStore|iPhoneSimulator
		{69C09DBA-88CA-4726-A0EF-44AA1EE997CF}.AppStore|iPhoneSimulator.Build.0 = AppStore|iPhoneSimulator
		{69C09DBA-88CA-4726-A0EF-44AA1EE997CF}.AppStore|x64.ActiveCfg = AppStore|iPhone
		{69C09DBA-88CA-4726-A0EF-44AA1EE997CF}.AppStore|x86.ActiveCfg = AppStore|iPhone
		{69C09DBA-88CA-4726-A0EF-44AA1EE997CF}.Debug|Any CPU.ActiveCfg = Debug|iPhone
		{69C09DBA-88CA-4726-A0EF-44AA1EE997CF}.Debug|ARM.ActiveCfg = Debug|iPhone
		{69C09DBA-88CA-4726-A0EF-44AA1EE997CF}.Debug|iPhone.ActiveCfg = Debug|iPhone
		{69C09DBA-88CA-4726-A0EF-44AA1EE997CF}.Debug|iPhone.Build.0 = Debug|iPhone
		{69C09DBA-88CA-4726-A0EF-44AA1EE997CF}.Debug|iPhoneSimulator.ActiveCfg = Debug|iPhoneSimulator
		{69C09DBA-88CA-4726-A0EF-44AA1EE997CF}.Debug|iPhoneSimulator.Build.0 = Debug|iPhoneSimulator
		{69C09DBA-88CA-4726-A0EF-44AA1EE997CF}.Debug|x64.ActiveCfg = Debug|iPhone
		{69C09DBA-88CA-4726-A0EF-44AA1EE997CF}.Debug|x86.ActiveCfg = Debug|iPhone
		{69C09DBA-88CA-4726-A0EF-44AA1EE997CF}.Release|Any CPU.ActiveCfg = Release|iPhone
		{69C09DBA-88CA-4726-A0EF-44AA1EE997CF}.Release|ARM.ActiveCfg = Release|iPhone
		{69C09DBA-88CA-4726-A0EF-44AA1EE997CF}.Release|iPhone.ActiveCfg = Release|iPhone
		{69C09DBA-88CA-4726-A0EF-44AA1EE997CF}.Release|iPhone.Build.0 = Release|iPhone
		{69C09DBA-88CA-4726-A0EF-44AA1EE997CF}.Release|iPhoneSimulator.ActiveCfg = Release|iPhoneSimulator
		{69C09DBA-88CA-4726-A0EF-44AA1EE997CF}.Release|iPhoneSimulator.Build.0 = Release|iPhoneSimulator
		{69C09DBA-88CA-4726-A0EF-44AA1EE997CF}.Release|x64.ActiveCfg = Release|iPhone
		{69C09DBA-88CA-4726-A0EF-44AA1EE997CF}.Release|x86.ActiveCfg = Release|iPhone
		{8B90A880-ED89-434E-B171-E59537DE233E}.Ad-Hoc|Any CPU.ActiveCfg = Release|Any CPU
		{8B90A880-ED89-434E-B171-E59537DE233E}.Ad-Hoc|Any CPU.Build.0 = Release|Any CPU
		{8B90A880-ED89-434E-B171-E59537DE233E}.Ad-Hoc|Any CPU.Deploy.0 = Release|Any CPU
		{8B90A880-ED89-434E-B171-E59537DE233E}.Ad-Hoc|ARM.ActiveCfg = Release|ARM
		{8B90A880-ED89-434E-B171-E59537DE233E}.Ad-Hoc|ARM.Build.0 = Release|ARM
		{8B90A880-ED89-434E-B171-E59537DE233E}.Ad-Hoc|ARM.Deploy.0 = Release|ARM
		{8B90A880-ED89-434E-B171-E59537DE233E}.Ad-Hoc|iPhone.ActiveCfg = Release|Any CPU
		{8B90A880-ED89-434E-B171-E59537DE233E}.Ad-Hoc|iPhone.Build.0 = Release|Any CPU
		{8B90A880-ED89-434E-B171-E59537DE233E}.Ad-Hoc|iPhone.Deploy.0 = Release|Any CPU
		{8B90A880-ED89-434E-B171-E59537DE233E}.Ad-Hoc|iPhoneSimulator.ActiveCfg = Release|Any CPU
		{8B90A880-ED89-434E-B171-E59537DE233E}.Ad-Hoc|iPhoneSimulator.Build.0 = Release|Any CPU
		{8B90A880-ED89-434E-B171-E59537DE233E}.Ad-Hoc|iPhoneSimulator.Deploy.0 = Release|Any CPU
		{8B90A880-ED89-434E-B171-E59537DE233E}.Ad-Hoc|x64.ActiveCfg = Release|Any CPU
		{8B90A880-ED89-434E-B171-E59537DE233E}.Ad-Hoc|x64.Build.0 = Release|Any CPU
		{8B90A880-ED89-434E-B171-E59537DE233E}.Ad-Hoc|x64.Deploy.0 = Release|Any CPU
		{8B90A880-ED89-434E-B171-E59537DE233E}.Ad-Hoc|x86.ActiveCfg = Release|x86
		{8B90A880-ED89-434E-B171-E59537DE233E}.Ad-Hoc|x86.Build.0 = Release|x86
		{8B90A880-ED89-434E-B171-E59537DE233E}.Ad-Hoc|x86.Deploy.0 = Release|x86
		{8B90A880-ED89-434E-B171-E59537DE233E}.AppStore|Any CPU.ActiveCfg = Release|Any CPU
		{8B90A880-ED89-434E-B171-E59537DE233E}.AppStore|Any CPU.Build.0 = Release|Any CPU
		{8B90A880-ED89-434E-B171-E59537DE233E}.AppStore|Any CPU.Deploy.0 = Release|Any CPU
		{8B90A880-ED89-434E-B171-E59537DE233E}.AppStore|ARM.ActiveCfg = Release|ARM
		{8B90A880-ED89-434E-B171-E59537DE233E}.AppStore|ARM.Build.0 = Release|ARM
		{8B90A880-ED89-434E-B171-E59537DE233E}.AppStore|ARM.Deploy.0 = Release|ARM
		{8B90A880-ED89-434E-B171-E59537DE233E}.AppStore|iPhone.ActiveCfg = Release|Any CPU
		{8B90A880-ED89-434E-B171-E59537DE233E}.AppStore|iPhone.Build.0 = Release|Any CPU
		{8B90A880-ED89-434E-B171-E59537DE233E}.AppStore|iPhone.Deploy.0 = Release|Any CPU
		{8B90A880-ED89-434E-B171-E59537DE233E}.AppStore|iPhoneSimulator.ActiveCfg = Release|Any CPU
		{8B90A880-ED89-434E-B171-E59537DE233E}.AppStore|iPhoneSimulator.Build.0 = Release|Any CPU
		{8B90A880-ED89-434E-B171-E59537DE233E}.AppStore|iPhoneSimulator.Deploy.0 = Release|Any CPU
		{8B90A880-ED89-434E-B171-E59537DE233E}.AppStore|x64.ActiveCfg = Release|Any CPU
		{8B90A880-ED89-434E-B171-E59537DE233E}.AppStore|x64.Build.0 = Release|Any CPU
		{8B90A880-ED89-434E-B171-E59537DE233E}.AppStore|x64.Deploy.0 = Release|Any CPU
		{8B90A880-ED89-434E-B171-E59537DE233E}.AppStore|x86.ActiveCfg = Release|x86
		{8B90A880-ED89-434E-B171-E59537DE233E}.AppStore|x86.Build.0 = Release|x86
		{8B90A880-ED89-434E-B171-E59537DE233E}.AppStore|x86.Deploy.0 = Release|x86
		{8B90A880-ED89-434E-B171-E59537DE233E}.Debug|Any CPU.ActiveCfg = Debug|Any CPU
		{8B90A880-ED89-434E-B171-E59537DE233E}.Debug|Any CPU.Build.0 = Debug|Any CPU
		{8B90A880-ED89-434E-B171-E59537DE233E}.Debug|Any CPU.Deploy.0 = Debug|Any CPU
		{8B90A880-ED89-434E-B171-E59537DE233E}.Debug|ARM.ActiveCfg = Debug|ARM
		{8B90A880-ED89-434E-B171-E59537DE233E}.Debug|ARM.Build.0 = Debug|ARM
		{8B90A880-ED89-434E-B171-E59537DE233E}.Debug|ARM.Deploy.0 = Debug|ARM
		{8B90A880-ED89-434E-B171-E59537DE233E}.Debug|iPhone.ActiveCfg = Debug|Any CPU
		{8B90A880-ED89-434E-B171-E59537DE233E}.Debug|iPhone.Build.0 = Debug|Any CPU
		{8B90A880-ED89-434E-B171-E59537DE233E}.Debug|iPhone.Deploy.0 = Debug|Any CPU
		{8B90A880-ED89-434E-B171-E59537DE233E}.Debug|iPhoneSimulator.ActiveCfg = Debug|Any CPU
		{8B90A880-ED89-434E-B171-E59537DE233E}.Debug|iPhoneSimulator.Build.0 = Debug|Any CPU
		{8B90A880-ED89-434E-B171-E59537DE233E}.Debug|iPhoneSimulator.Deploy.0 = Debug|Any CPU
		{8B90A880-ED89-434E-B171-E59537DE233E}.Debug|x64.ActiveCfg = Debug|Any CPU
		{8B90A880-ED89-434E-B171-E59537DE233E}.Debug|x64.Build.0 = Debug|Any CPU
		{8B90A880-ED89-434E-B171-E59537DE233E}.Debug|x64.Deploy.0 = Debug|Any CPU
		{8B90A880-ED89-434E-B171-E59537DE233E}.Debug|x86.ActiveCfg = Debug|x86
		{8B90A880-ED89-434E-B171-E59537DE233E}.Debug|x86.Build.0 = Debug|x86
		{8B90A880-ED89-434E-B171-E59537DE233E}.Debug|x86.Deploy.0 = Debug|x86
		{8B90A880-ED89-434E-B171-E59537DE233E}.Release|Any CPU.ActiveCfg = Release|Any CPU
		{8B90A880-ED89-434E-B171-E59537DE233E}.Release|Any CPU.Build.0 = Release|Any CPU
		{8B90A880-ED89-434E-B171-E59537DE233E}.Release|Any CPU.Deploy.0 = Release|Any CPU
		{8B90A880-ED89-434E-B171-E59537DE233E}.Release|ARM.ActiveCfg = Release|ARM
		{8B90A880-ED89-434E-B171-E59537DE233E}.Release|ARM.Build.0 = Release|ARM
		{8B90A880-ED89-434E-B171-E59537DE233E}.Release|ARM.Deploy.0 = Release|ARM
		{8B90A880-ED89-434E-B171-E59537DE233E}.Release|iPhone.ActiveCfg = Release|Any CPU
		{8B90A880-ED89-434E-B171-E59537DE233E}.Release|iPhone.Build.0 = Release|Any CPU
		{8B90A880-ED89-434E-B171-E59537DE233E}.Release|iPhone.Deploy.0 = Release|Any CPU
		{8B90A880-ED89-434E-B171-E59537DE233E}.Release|iPhoneSimulator.ActiveCfg = Release|Any CPU
		{8B90A880-ED89-434E-B171-E59537DE233E}.Release|iPhoneSimulator.Build.0 = Release|Any CPU
		{8B90A880-ED89-434E-B171-E59537DE233E}.Release|iPhoneSimulator.Deploy.0 = Release|Any CPU
		{8B90A880-ED89-434E-B171-E59537DE233E}.Release|x64.ActiveCfg = Release|Any CPU
		{8B90A880-ED89-434E-B171-E59537DE233E}.Release|x64.Build.0 = Release|Any CPU
		{8B90A880-ED89-434E-B171-E59537DE233E}.Release|x64.Deploy.0 = Release|Any CPU
		{8B90A880-ED89-434E-B171-E59537DE233E}.Release|x86.ActiveCfg = Release|x86
		{8B90A880-ED89-434E-B171-E59537DE233E}.Release|x86.Build.0 = Release|x86
		{8B90A880-ED89-434E-B171-E59537DE233E}.Release|x86.Deploy.0 = Release|x86
		{72062EBB-E665-4EA8-94FC-66EDE01871B8}.Ad-Hoc|Any CPU.ActiveCfg = Release|Any CPU
		{72062EBB-E665-4EA8-94FC-66EDE01871B8}.Ad-Hoc|Any CPU.Build.0 = Release|Any CPU
		{72062EBB-E665-4EA8-94FC-66EDE01871B8}.Ad-Hoc|Any CPU.Deploy.0 = Release|Any CPU
		{72062EBB-E665-4EA8-94FC-66EDE01871B8}.Ad-Hoc|ARM.ActiveCfg = Release|ARM
		{72062EBB-E665-4EA8-94FC-66EDE01871B8}.Ad-Hoc|ARM.Build.0 = Release|ARM
		{72062EBB-E665-4EA8-94FC-66EDE01871B8}.Ad-Hoc|ARM.Deploy.0 = Release|ARM
		{72062EBB-E665-4EA8-94FC-66EDE01871B8}.Ad-Hoc|iPhone.ActiveCfg = Release|Any CPU
		{72062EBB-E665-4EA8-94FC-66EDE01871B8}.Ad-Hoc|iPhone.Build.0 = Release|Any CPU
		{72062EBB-E665-4EA8-94FC-66EDE01871B8}.Ad-Hoc|iPhone.Deploy.0 = Release|Any CPU
		{72062EBB-E665-4EA8-94FC-66EDE01871B8}.Ad-Hoc|iPhoneSimulator.ActiveCfg = Release|Any CPU
		{72062EBB-E665-4EA8-94FC-66EDE01871B8}.Ad-Hoc|iPhoneSimulator.Build.0 = Release|Any CPU
		{72062EBB-E665-4EA8-94FC-66EDE01871B8}.Ad-Hoc|iPhoneSimulator.Deploy.0 = Release|Any CPU
		{72062EBB-E665-4EA8-94FC-66EDE01871B8}.Ad-Hoc|x64.ActiveCfg = Release|x64
		{72062EBB-E665-4EA8-94FC-66EDE01871B8}.Ad-Hoc|x64.Build.0 = Release|x64
		{72062EBB-E665-4EA8-94FC-66EDE01871B8}.Ad-Hoc|x64.Deploy.0 = Release|x64
		{72062EBB-E665-4EA8-94FC-66EDE01871B8}.Ad-Hoc|x86.ActiveCfg = Release|x86
		{72062EBB-E665-4EA8-94FC-66EDE01871B8}.Ad-Hoc|x86.Build.0 = Release|x86
		{72062EBB-E665-4EA8-94FC-66EDE01871B8}.Ad-Hoc|x86.Deploy.0 = Release|x86
		{72062EBB-E665-4EA8-94FC-66EDE01871B8}.AppStore|Any CPU.ActiveCfg = Release|Any CPU
		{72062EBB-E665-4EA8-94FC-66EDE01871B8}.AppStore|Any CPU.Build.0 = Release|Any CPU
		{72062EBB-E665-4EA8-94FC-66EDE01871B8}.AppStore|Any CPU.Deploy.0 = Release|Any CPU
		{72062EBB-E665-4EA8-94FC-66EDE01871B8}.AppStore|ARM.ActiveCfg = Release|ARM
		{72062EBB-E665-4EA8-94FC-66EDE01871B8}.AppStore|ARM.Build.0 = Release|ARM
		{72062EBB-E665-4EA8-94FC-66EDE01871B8}.AppStore|ARM.Deploy.0 = Release|ARM
		{72062EBB-E665-4EA8-94FC-66EDE01871B8}.AppStore|iPhone.ActiveCfg = Release|Any CPU
		{72062EBB-E665-4EA8-94FC-66EDE01871B8}.AppStore|iPhone.Build.0 = Release|Any CPU
		{72062EBB-E665-4EA8-94FC-66EDE01871B8}.AppStore|iPhone.Deploy.0 = Release|Any CPU
		{72062EBB-E665-4EA8-94FC-66EDE01871B8}.AppStore|iPhoneSimulator.ActiveCfg = Release|Any CPU
		{72062EBB-E665-4EA8-94FC-66EDE01871B8}.AppStore|iPhoneSimulator.Build.0 = Release|Any CPU
		{72062EBB-E665-4EA8-94FC-66EDE01871B8}.AppStore|iPhoneSimulator.Deploy.0 = Release|Any CPU
		{72062EBB-E665-4EA8-94FC-66EDE01871B8}.AppStore|x64.ActiveCfg = Release|x64
		{72062EBB-E665-4EA8-94FC-66EDE01871B8}.AppStore|x64.Build.0 = Release|x64
		{72062EBB-E665-4EA8-94FC-66EDE01871B8}.AppStore|x64.Deploy.0 = Release|x64
		{72062EBB-E665-4EA8-94FC-66EDE01871B8}.AppStore|x86.ActiveCfg = Release|x86
		{72062EBB-E665-4EA8-94FC-66EDE01871B8}.AppStore|x86.Build.0 = Release|x86
		{72062EBB-E665-4EA8-94FC-66EDE01871B8}.AppStore|x86.Deploy.0 = Release|x86
		{72062EBB-E665-4EA8-94FC-66EDE01871B8}.Debug|Any CPU.ActiveCfg = Debug|Any CPU
		{72062EBB-E665-4EA8-94FC-66EDE01871B8}.Debug|Any CPU.Build.0 = Debug|Any CPU
		{72062EBB-E665-4EA8-94FC-66EDE01871B8}.Debug|Any CPU.Deploy.0 = Debug|Any CPU
		{72062EBB-E665-4EA8-94FC-66EDE01871B8}.Debug|ARM.ActiveCfg = Debug|ARM
		{72062EBB-E665-4EA8-94FC-66EDE01871B8}.Debug|ARM.Build.0 = Debug|ARM
		{72062EBB-E665-4EA8-94FC-66EDE01871B8}.Debug|ARM.Deploy.0 = Debug|ARM
		{72062EBB-E665-4EA8-94FC-66EDE01871B8}.Debug|iPhone.ActiveCfg = Debug|Any CPU
		{72062EBB-E665-4EA8-94FC-66EDE01871B8}.Debug|iPhone.Build.0 = Debug|Any CPU
		{72062EBB-E665-4EA8-94FC-66EDE01871B8}.Debug|iPhone.Deploy.0 = Debug|Any CPU
		{72062EBB-E665-4EA8-94FC-66EDE01871B8}.Debug|iPhoneSimulator.ActiveCfg = Debug|Any CPU
		{72062EBB-E665-4EA8-94FC-66EDE01871B8}.Debug|iPhoneSimulator.Build.0 = Debug|Any CPU
		{72062EBB-E665-4EA8-94FC-66EDE01871B8}.Debug|iPhoneSimulator.Deploy.0 = Debug|Any CPU
		{72062EBB-E665-4EA8-94FC-66EDE01871B8}.Debug|x64.ActiveCfg = Debug|x64
		{72062EBB-E665-4EA8-94FC-66EDE01871B8}.Debug|x64.Build.0 = Debug|x64
		{72062EBB-E665-4EA8-94FC-66EDE01871B8}.Debug|x64.Deploy.0 = Debug|x64
		{72062EBB-E665-4EA8-94FC-66EDE01871B8}.Debug|x86.ActiveCfg = Debug|x86
		{72062EBB-E665-4EA8-94FC-66EDE01871B8}.Debug|x86.Build.0 = Debug|x86
		{72062EBB-E665-4EA8-94FC-66EDE01871B8}.Debug|x86.Deploy.0 = Debug|x86
		{72062EBB-E665-4EA8-94FC-66EDE01871B8}.Release|Any CPU.ActiveCfg = Release|Any CPU
		{72062EBB-E665-4EA8-94FC-66EDE01871B8}.Release|Any CPU.Build.0 = Release|Any CPU
		{72062EBB-E665-4EA8-94FC-66EDE01871B8}.Release|Any CPU.Deploy.0 = Release|Any CPU
		{72062EBB-E665-4EA8-94FC-66EDE01871B8}.Release|ARM.ActiveCfg = Release|ARM
		{72062EBB-E665-4EA8-94FC-66EDE01871B8}.Release|ARM.Build.0 = Release|ARM
		{72062EBB-E665-4EA8-94FC-66EDE01871B8}.Release|ARM.Deploy.0 = Release|ARM
		{72062EBB-E665-4EA8-94FC-66EDE01871B8}.Release|iPhone.ActiveCfg = Release|Any CPU
		{72062EBB-E665-4EA8-94FC-66EDE01871B8}.Release|iPhone.Build.0 = Release|Any CPU
		{72062EBB-E665-4EA8-94FC-66EDE01871B8}.Release|iPhone.Deploy.0 = Release|Any CPU
		{72062EBB-E665-4EA8-94FC-66EDE01871B8}.Release|iPhoneSimulator.ActiveCfg = Release|Any CPU
		{72062EBB-E665-4EA8-94FC-66EDE01871B8}.Release|iPhoneSimulator.Build.0 = Release|Any CPU
		{72062EBB-E665-4EA8-94FC-66EDE01871B8}.Release|iPhoneSimulator.Deploy.0 = Release|Any CPU
		{72062EBB-E665-4EA8-94FC-66EDE01871B8}.Release|x64.ActiveCfg = Release|x64
		{72062EBB-E665-4EA8-94FC-66EDE01871B8}.Release|x64.Build.0 = Release|x64
		{72062EBB-E665-4EA8-94FC-66EDE01871B8}.Release|x64.Deploy.0 = Release|x64
		{72062EBB-E665-4EA8-94FC-66EDE01871B8}.Release|x86.ActiveCfg = Release|x86
		{72062EBB-E665-4EA8-94FC-66EDE01871B8}.Release|x86.Build.0 = Release|x86
		{72062EBB-E665-4EA8-94FC-66EDE01871B8}.Release|x86.Deploy.0 = Release|x86
	EndGlobalSection
	GlobalSection(SolutionProperties) = preSolution
		HideSolutionNode = FALSE
	EndGlobalSection
EndGlobal
